// !$*UTF8*$!
{
	archiveVersion = 1;
	classes = {
	};
	objectVersion = 46;
	objects = {

/* Begin PBXBuildFile section */
		03EA6B1EEFCED9E16BE532E7 /* Pods_Convenient_Swift.framework in Frameworks */ = {isa = PBXBuildFile; fileRef = B006B6B36DBE9A7F413E4AE0 /* Pods_Convenient_Swift.framework */; };
		530D946B1C8D3308005342BF /* BaseJsonModel.swift in Sources */ = {isa = PBXBuildFile; fileRef = 530D946A1C8D3308005342BF /* BaseJsonModel.swift */; };
		530D94DD1C8D6B64005342BF /* cm_weathericon_0@2x.png in Resources */ = {isa = PBXBuildFile; fileRef = 530D94721C8D6B64005342BF /* cm_weathericon_0@2x.png */; };
		530D94DE1C8D6B64005342BF /* cm_weathericon_0@3x.png in Resources */ = {isa = PBXBuildFile; fileRef = 530D94731C8D6B64005342BF /* cm_weathericon_0@3x.png */; };
		530D94DF1C8D6B64005342BF /* cm_weathericon_10@2x.png in Resources */ = {isa = PBXBuildFile; fileRef = 530D94741C8D6B64005342BF /* cm_weathericon_10@2x.png */; };
		530D94E01C8D6B64005342BF /* cm_weathericon_10@3x.png in Resources */ = {isa = PBXBuildFile; fileRef = 530D94751C8D6B64005342BF /* cm_weathericon_10@3x.png */; };
		530D94E11C8D6B64005342BF /* cm_weathericon_11@2x.png in Resources */ = {isa = PBXBuildFile; fileRef = 530D94761C8D6B64005342BF /* cm_weathericon_11@2x.png */; };
		530D94E21C8D6B64005342BF /* cm_weathericon_11@3x.png in Resources */ = {isa = PBXBuildFile; fileRef = 530D94771C8D6B64005342BF /* cm_weathericon_11@3x.png */; };
		530D94E31C8D6B64005342BF /* cm_weathericon_12@2x.png in Resources */ = {isa = PBXBuildFile; fileRef = 530D94781C8D6B64005342BF /* cm_weathericon_12@2x.png */; };
		530D94E41C8D6B64005342BF /* cm_weathericon_12@3x.png in Resources */ = {isa = PBXBuildFile; fileRef = 530D94791C8D6B64005342BF /* cm_weathericon_12@3x.png */; };
		530D94E51C8D6B64005342BF /* cm_weathericon_13@2x.png in Resources */ = {isa = PBXBuildFile; fileRef = 530D947A1C8D6B64005342BF /* cm_weathericon_13@2x.png */; };
		530D94E61C8D6B64005342BF /* cm_weathericon_13@3x.png in Resources */ = {isa = PBXBuildFile; fileRef = 530D947B1C8D6B64005342BF /* cm_weathericon_13@3x.png */; };
		530D94E71C8D6B64005342BF /* cm_weathericon_14@2x.png in Resources */ = {isa = PBXBuildFile; fileRef = 530D947C1C8D6B64005342BF /* cm_weathericon_14@2x.png */; };
		530D94E81C8D6B64005342BF /* cm_weathericon_14@3x.png in Resources */ = {isa = PBXBuildFile; fileRef = 530D947D1C8D6B64005342BF /* cm_weathericon_14@3x.png */; };
		530D94E91C8D6B64005342BF /* cm_weathericon_15@2x.png in Resources */ = {isa = PBXBuildFile; fileRef = 530D947E1C8D6B64005342BF /* cm_weathericon_15@2x.png */; };
		530D94EA1C8D6B64005342BF /* cm_weathericon_15@3x.png in Resources */ = {isa = PBXBuildFile; fileRef = 530D947F1C8D6B64005342BF /* cm_weathericon_15@3x.png */; };
		530D94EB1C8D6B64005342BF /* cm_weathericon_16@2x.png in Resources */ = {isa = PBXBuildFile; fileRef = 530D94801C8D6B64005342BF /* cm_weathericon_16@2x.png */; };
		530D94EC1C8D6B64005342BF /* cm_weathericon_16@3x.png in Resources */ = {isa = PBXBuildFile; fileRef = 530D94811C8D6B64005342BF /* cm_weathericon_16@3x.png */; };
		530D94ED1C8D6B64005342BF /* cm_weathericon_17@2x.png in Resources */ = {isa = PBXBuildFile; fileRef = 530D94821C8D6B64005342BF /* cm_weathericon_17@2x.png */; };
		530D94EE1C8D6B64005342BF /* cm_weathericon_17@3x.png in Resources */ = {isa = PBXBuildFile; fileRef = 530D94831C8D6B64005342BF /* cm_weathericon_17@3x.png */; };
		530D94EF1C8D6B64005342BF /* cm_weathericon_18@2x.png in Resources */ = {isa = PBXBuildFile; fileRef = 530D94841C8D6B64005342BF /* cm_weathericon_18@2x.png */; };
		530D94F01C8D6B64005342BF /* cm_weathericon_18@3x.png in Resources */ = {isa = PBXBuildFile; fileRef = 530D94851C8D6B64005342BF /* cm_weathericon_18@3x.png */; };
		530D94F11C8D6B64005342BF /* cm_weathericon_19@2x.png in Resources */ = {isa = PBXBuildFile; fileRef = 530D94861C8D6B64005342BF /* cm_weathericon_19@2x.png */; };
		530D94F21C8D6B64005342BF /* cm_weathericon_19@3x.png in Resources */ = {isa = PBXBuildFile; fileRef = 530D94871C8D6B64005342BF /* cm_weathericon_19@3x.png */; };
		530D94F31C8D6B64005342BF /* cm_weathericon_1@2x.png in Resources */ = {isa = PBXBuildFile; fileRef = 530D94881C8D6B64005342BF /* cm_weathericon_1@2x.png */; };
		530D94F41C8D6B64005342BF /* cm_weathericon_1@3x.png in Resources */ = {isa = PBXBuildFile; fileRef = 530D94891C8D6B64005342BF /* cm_weathericon_1@3x.png */; };
		530D94F51C8D6B64005342BF /* cm_weathericon_20@2x.png in Resources */ = {isa = PBXBuildFile; fileRef = 530D948A1C8D6B64005342BF /* cm_weathericon_20@2x.png */; };
		530D94F61C8D6B64005342BF /* cm_weathericon_20@3x.png in Resources */ = {isa = PBXBuildFile; fileRef = 530D948B1C8D6B64005342BF /* cm_weathericon_20@3x.png */; };
		530D94F71C8D6B64005342BF /* cm_weathericon_21@2x.png in Resources */ = {isa = PBXBuildFile; fileRef = 530D948C1C8D6B64005342BF /* cm_weathericon_21@2x.png */; };
		530D94F81C8D6B64005342BF /* cm_weathericon_21@3x.png in Resources */ = {isa = PBXBuildFile; fileRef = 530D948D1C8D6B64005342BF /* cm_weathericon_21@3x.png */; };
		530D94F91C8D6B64005342BF /* cm_weathericon_22@2x.png in Resources */ = {isa = PBXBuildFile; fileRef = 530D948E1C8D6B64005342BF /* cm_weathericon_22@2x.png */; };
		530D94FA1C8D6B64005342BF /* cm_weathericon_22@3x.png in Resources */ = {isa = PBXBuildFile; fileRef = 530D948F1C8D6B64005342BF /* cm_weathericon_22@3x.png */; };
		530D94FB1C8D6B64005342BF /* cm_weathericon_23@2x.png in Resources */ = {isa = PBXBuildFile; fileRef = 530D94901C8D6B64005342BF /* cm_weathericon_23@2x.png */; };
		530D94FC1C8D6B64005342BF /* cm_weathericon_23@3x.png in Resources */ = {isa = PBXBuildFile; fileRef = 530D94911C8D6B64005342BF /* cm_weathericon_23@3x.png */; };
		530D94FD1C8D6B64005342BF /* cm_weathericon_24@2x.png in Resources */ = {isa = PBXBuildFile; fileRef = 530D94921C8D6B64005342BF /* cm_weathericon_24@2x.png */; };
		530D94FE1C8D6B64005342BF /* cm_weathericon_24@3x.png in Resources */ = {isa = PBXBuildFile; fileRef = 530D94931C8D6B64005342BF /* cm_weathericon_24@3x.png */; };
		530D94FF1C8D6B64005342BF /* cm_weathericon_25@2x.png in Resources */ = {isa = PBXBuildFile; fileRef = 530D94941C8D6B64005342BF /* cm_weathericon_25@2x.png */; };
		530D95001C8D6B64005342BF /* cm_weathericon_25@3x.png in Resources */ = {isa = PBXBuildFile; fileRef = 530D94951C8D6B64005342BF /* cm_weathericon_25@3x.png */; };
		530D95011C8D6B64005342BF /* cm_weathericon_26@2x.png in Resources */ = {isa = PBXBuildFile; fileRef = 530D94961C8D6B64005342BF /* cm_weathericon_26@2x.png */; };
		530D95021C8D6B64005342BF /* cm_weathericon_26@3x.png in Resources */ = {isa = PBXBuildFile; fileRef = 530D94971C8D6B64005342BF /* cm_weathericon_26@3x.png */; };
		530D95031C8D6B64005342BF /* cm_weathericon_27@2x.png in Resources */ = {isa = PBXBuildFile; fileRef = 530D94981C8D6B64005342BF /* cm_weathericon_27@2x.png */; };
		530D95041C8D6B64005342BF /* cm_weathericon_27@3x.png in Resources */ = {isa = PBXBuildFile; fileRef = 530D94991C8D6B64005342BF /* cm_weathericon_27@3x.png */; };
		530D95051C8D6B64005342BF /* cm_weathericon_28@2x.png in Resources */ = {isa = PBXBuildFile; fileRef = 530D949A1C8D6B64005342BF /* cm_weathericon_28@2x.png */; };
		530D95061C8D6B64005342BF /* cm_weathericon_28@3x.png in Resources */ = {isa = PBXBuildFile; fileRef = 530D949B1C8D6B64005342BF /* cm_weathericon_28@3x.png */; };
		530D95071C8D6B64005342BF /* cm_weathericon_29@2x.png in Resources */ = {isa = PBXBuildFile; fileRef = 530D949C1C8D6B64005342BF /* cm_weathericon_29@2x.png */; };
		530D95081C8D6B64005342BF /* cm_weathericon_29@3x.png in Resources */ = {isa = PBXBuildFile; fileRef = 530D949D1C8D6B64005342BF /* cm_weathericon_29@3x.png */; };
		530D95091C8D6B64005342BF /* cm_weathericon_2@2x.png in Resources */ = {isa = PBXBuildFile; fileRef = 530D949E1C8D6B64005342BF /* cm_weathericon_2@2x.png */; };
		530D950A1C8D6B64005342BF /* cm_weathericon_2@3x.png in Resources */ = {isa = PBXBuildFile; fileRef = 530D949F1C8D6B64005342BF /* cm_weathericon_2@3x.png */; };
		530D950B1C8D6B64005342BF /* cm_weathericon_30@2x.png in Resources */ = {isa = PBXBuildFile; fileRef = 530D94A01C8D6B64005342BF /* cm_weathericon_30@2x.png */; };
		530D950C1C8D6B64005342BF /* cm_weathericon_30@3x.png in Resources */ = {isa = PBXBuildFile; fileRef = 530D94A11C8D6B64005342BF /* cm_weathericon_30@3x.png */; };
		530D950D1C8D6B64005342BF /* cm_weathericon_31@2x.png in Resources */ = {isa = PBXBuildFile; fileRef = 530D94A21C8D6B64005342BF /* cm_weathericon_31@2x.png */; };
		530D950E1C8D6B64005342BF /* cm_weathericon_31@3x.png in Resources */ = {isa = PBXBuildFile; fileRef = 530D94A31C8D6B64005342BF /* cm_weathericon_31@3x.png */; };
		530D950F1C8D6B64005342BF /* cm_weathericon_33@2x.png in Resources */ = {isa = PBXBuildFile; fileRef = 530D94A41C8D6B64005342BF /* cm_weathericon_33@2x.png */; };
		530D95101C8D6B64005342BF /* cm_weathericon_33@3x.png in Resources */ = {isa = PBXBuildFile; fileRef = 530D94A51C8D6B64005342BF /* cm_weathericon_33@3x.png */; };
		530D95111C8D6B64005342BF /* cm_weathericon_3@2x.png in Resources */ = {isa = PBXBuildFile; fileRef = 530D94A61C8D6B64005342BF /* cm_weathericon_3@2x.png */; };
		530D95121C8D6B64005342BF /* cm_weathericon_3@3x.png in Resources */ = {isa = PBXBuildFile; fileRef = 530D94A71C8D6B64005342BF /* cm_weathericon_3@3x.png */; };
		530D95131C8D6B64005342BF /* cm_weathericon_4@2x.png in Resources */ = {isa = PBXBuildFile; fileRef = 530D94A81C8D6B64005342BF /* cm_weathericon_4@2x.png */; };
		530D95141C8D6B64005342BF /* cm_weathericon_4@3x.png in Resources */ = {isa = PBXBuildFile; fileRef = 530D94A91C8D6B64005342BF /* cm_weathericon_4@3x.png */; };
		530D95151C8D6B64005342BF /* cm_weathericon_5@2x.png in Resources */ = {isa = PBXBuildFile; fileRef = 530D94AA1C8D6B64005342BF /* cm_weathericon_5@2x.png */; };
		530D95161C8D6B64005342BF /* cm_weathericon_5@3x.png in Resources */ = {isa = PBXBuildFile; fileRef = 530D94AB1C8D6B64005342BF /* cm_weathericon_5@3x.png */; };
		530D95171C8D6B64005342BF /* cm_weathericon_6@2x.png in Resources */ = {isa = PBXBuildFile; fileRef = 530D94AC1C8D6B64005342BF /* cm_weathericon_6@2x.png */; };
		530D95181C8D6B64005342BF /* cm_weathericon_6@3x.png in Resources */ = {isa = PBXBuildFile; fileRef = 530D94AD1C8D6B64005342BF /* cm_weathericon_6@3x.png */; };
		530D95191C8D6B64005342BF /* cm_weathericon_7@2x.png in Resources */ = {isa = PBXBuildFile; fileRef = 530D94AE1C8D6B64005342BF /* cm_weathericon_7@2x.png */; };
		530D951A1C8D6B64005342BF /* cm_weathericon_7@3x.png in Resources */ = {isa = PBXBuildFile; fileRef = 530D94AF1C8D6B64005342BF /* cm_weathericon_7@3x.png */; };
		530D951B1C8D6B64005342BF /* cm_weathericon_8@2x.png in Resources */ = {isa = PBXBuildFile; fileRef = 530D94B01C8D6B64005342BF /* cm_weathericon_8@2x.png */; };
		530D951C1C8D6B64005342BF /* cm_weathericon_8@3x.png in Resources */ = {isa = PBXBuildFile; fileRef = 530D94B11C8D6B64005342BF /* cm_weathericon_8@3x.png */; };
		530D951D1C8D6B64005342BF /* cm_weathericon_9@2x.png in Resources */ = {isa = PBXBuildFile; fileRef = 530D94B21C8D6B64005342BF /* cm_weathericon_9@2x.png */; };
		530D951E1C8D6B64005342BF /* cm_weathericon_9@3x.png in Resources */ = {isa = PBXBuildFile; fileRef = 530D94B31C8D6B64005342BF /* cm_weathericon_9@3x.png */; };
		530D951F1C8D6B64005342BF /* w0.png in Resources */ = {isa = PBXBuildFile; fileRef = 530D94B51C8D6B64005342BF /* w0.png */; };
		530D95201C8D6B64005342BF /* w1.png in Resources */ = {isa = PBXBuildFile; fileRef = 530D94B61C8D6B64005342BF /* w1.png */; };
		530D95211C8D6B64005342BF /* w10.png in Resources */ = {isa = PBXBuildFile; fileRef = 530D94B71C8D6B64005342BF /* w10.png */; };
		530D95221C8D6B64005342BF /* w11.png in Resources */ = {isa = PBXBuildFile; fileRef = 530D94B81C8D6B64005342BF /* w11.png */; };
		530D95231C8D6B64005342BF /* w12.png in Resources */ = {isa = PBXBuildFile; fileRef = 530D94B91C8D6B64005342BF /* w12.png */; };
		530D95241C8D6B64005342BF /* w13.png in Resources */ = {isa = PBXBuildFile; fileRef = 530D94BA1C8D6B64005342BF /* w13.png */; };
		530D95251C8D6B64005342BF /* w14.png in Resources */ = {isa = PBXBuildFile; fileRef = 530D94BB1C8D6B64005342BF /* w14.png */; };
		530D95261C8D6B64005342BF /* w15.png in Resources */ = {isa = PBXBuildFile; fileRef = 530D94BC1C8D6B64005342BF /* w15.png */; };
		530D95271C8D6B64005342BF /* w16.png in Resources */ = {isa = PBXBuildFile; fileRef = 530D94BD1C8D6B64005342BF /* w16.png */; };
		530D95281C8D6B64005342BF /* w17.png in Resources */ = {isa = PBXBuildFile; fileRef = 530D94BE1C8D6B64005342BF /* w17.png */; };
		530D95291C8D6B64005342BF /* w18.png in Resources */ = {isa = PBXBuildFile; fileRef = 530D94BF1C8D6B64005342BF /* w18.png */; };
		530D952A1C8D6B64005342BF /* w19.png in Resources */ = {isa = PBXBuildFile; fileRef = 530D94C01C8D6B64005342BF /* w19.png */; };
		530D952B1C8D6B64005342BF /* w2.png in Resources */ = {isa = PBXBuildFile; fileRef = 530D94C11C8D6B64005342BF /* w2.png */; };
		530D952C1C8D6B64005342BF /* w20.png in Resources */ = {isa = PBXBuildFile; fileRef = 530D94C21C8D6B64005342BF /* w20.png */; };
		530D952D1C8D6B64005342BF /* w21.png in Resources */ = {isa = PBXBuildFile; fileRef = 530D94C31C8D6B64005342BF /* w21.png */; };
		530D952E1C8D6B64005342BF /* w22.png in Resources */ = {isa = PBXBuildFile; fileRef = 530D94C41C8D6B64005342BF /* w22.png */; };
		530D952F1C8D6B64005342BF /* w23.png in Resources */ = {isa = PBXBuildFile; fileRef = 530D94C51C8D6B64005342BF /* w23.png */; };
		530D95301C8D6B64005342BF /* w24.png in Resources */ = {isa = PBXBuildFile; fileRef = 530D94C61C8D6B64005342BF /* w24.png */; };
		530D95311C8D6B64005342BF /* w25.png in Resources */ = {isa = PBXBuildFile; fileRef = 530D94C71C8D6B64005342BF /* w25.png */; };
		530D95321C8D6B64005342BF /* w26.png in Resources */ = {isa = PBXBuildFile; fileRef = 530D94C81C8D6B64005342BF /* w26.png */; };
		530D95331C8D6B64005342BF /* w27.png in Resources */ = {isa = PBXBuildFile; fileRef = 530D94C91C8D6B64005342BF /* w27.png */; };
		530D95341C8D6B64005342BF /* w28.png in Resources */ = {isa = PBXBuildFile; fileRef = 530D94CA1C8D6B64005342BF /* w28.png */; };
		530D95351C8D6B64005342BF /* w29.png in Resources */ = {isa = PBXBuildFile; fileRef = 530D94CB1C8D6B64005342BF /* w29.png */; };
		530D95361C8D6B64005342BF /* w3.png in Resources */ = {isa = PBXBuildFile; fileRef = 530D94CC1C8D6B64005342BF /* w3.png */; };
		530D95371C8D6B64005342BF /* w30.png in Resources */ = {isa = PBXBuildFile; fileRef = 530D94CD1C8D6B64005342BF /* w30.png */; };
		530D95381C8D6B64005342BF /* w31.png in Resources */ = {isa = PBXBuildFile; fileRef = 530D94CE1C8D6B64005342BF /* w31.png */; };
		530D95391C8D6B64005342BF /* w32.png in Resources */ = {isa = PBXBuildFile; fileRef = 530D94CF1C8D6B64005342BF /* w32.png */; };
		530D953A1C8D6B64005342BF /* w33.png in Resources */ = {isa = PBXBuildFile; fileRef = 530D94D01C8D6B64005342BF /* w33.png */; };
		530D953B1C8D6B64005342BF /* w34.png in Resources */ = {isa = PBXBuildFile; fileRef = 530D94D11C8D6B64005342BF /* w34.png */; };
		530D953C1C8D6B64005342BF /* w35.png in Resources */ = {isa = PBXBuildFile; fileRef = 530D94D21C8D6B64005342BF /* w35.png */; };
		530D953D1C8D6B64005342BF /* w36.png in Resources */ = {isa = PBXBuildFile; fileRef = 530D94D31C8D6B64005342BF /* w36.png */; };
		530D953E1C8D6B64005342BF /* w37.png in Resources */ = {isa = PBXBuildFile; fileRef = 530D94D41C8D6B64005342BF /* w37.png */; };
		530D953F1C8D6B64005342BF /* w38.png in Resources */ = {isa = PBXBuildFile; fileRef = 530D94D51C8D6B64005342BF /* w38.png */; };
		530D95401C8D6B64005342BF /* w4.png in Resources */ = {isa = PBXBuildFile; fileRef = 530D94D61C8D6B64005342BF /* w4.png */; };
		530D95411C8D6B64005342BF /* w5.png in Resources */ = {isa = PBXBuildFile; fileRef = 530D94D71C8D6B64005342BF /* w5.png */; };
		530D95421C8D6B64005342BF /* w6.png in Resources */ = {isa = PBXBuildFile; fileRef = 530D94D81C8D6B64005342BF /* w6.png */; };
		530D95431C8D6B64005342BF /* w7.png in Resources */ = {isa = PBXBuildFile; fileRef = 530D94D91C8D6B64005342BF /* w7.png */; };
		530D95441C8D6B64005342BF /* w8.png in Resources */ = {isa = PBXBuildFile; fileRef = 530D94DA1C8D6B64005342BF /* w8.png */; };
		530D95451C8D6B64005342BF /* w9.png in Resources */ = {isa = PBXBuildFile; fileRef = 530D94DB1C8D6B64005342BF /* w9.png */; };
		530D95461C8D6B64005342BF /* w99.png in Resources */ = {isa = PBXBuildFile; fileRef = 530D94DC1C8D6B64005342BF /* w99.png */; };
		530D95581C8D7F91005342BF /* DGElasticPullToRefreshConstants.swift in Sources */ = {isa = PBXBuildFile; fileRef = 530D95531C8D7F91005342BF /* DGElasticPullToRefreshConstants.swift */; };
		530D95591C8D7F91005342BF /* DGElasticPullToRefreshExtensions.swift in Sources */ = {isa = PBXBuildFile; fileRef = 530D95541C8D7F91005342BF /* DGElasticPullToRefreshExtensions.swift */; };
		530D955A1C8D7F91005342BF /* DGElasticPullToRefreshLoadingView.swift in Sources */ = {isa = PBXBuildFile; fileRef = 530D95551C8D7F91005342BF /* DGElasticPullToRefreshLoadingView.swift */; };
		530D955B1C8D7F91005342BF /* DGElasticPullToRefreshLoadingViewCircle.swift in Sources */ = {isa = PBXBuildFile; fileRef = 530D95561C8D7F91005342BF /* DGElasticPullToRefreshLoadingViewCircle.swift */; };
		530D955C1C8D7F91005342BF /* DGElasticPullToRefreshView.swift in Sources */ = {isa = PBXBuildFile; fileRef = 530D95571C8D7F91005342BF /* DGElasticPullToRefreshView.swift */; };
		531BA0461C8E7AA60019FFA9 /* 良_彩色@2x.png in Resources */ = {isa = PBXBuildFile; fileRef = 531BA03C1C8E7AA60019FFA9 /* 良_彩色@2x.png */; };
		531BA0471C8E7AA60019FFA9 /* 良_彩色@3x.png in Resources */ = {isa = PBXBuildFile; fileRef = 531BA03D1C8E7AA60019FFA9 /* 良_彩色@3x.png */; };
		531BA0481C8E7AA60019FFA9 /* 轻_彩色@2x.png in Resources */ = {isa = PBXBuildFile; fileRef = 531BA03E1C8E7AA60019FFA9 /* 轻_彩色@2x.png */; };
		531BA0491C8E7AA60019FFA9 /* 轻_彩色@3x.png in Resources */ = {isa = PBXBuildFile; fileRef = 531BA03F1C8E7AA60019FFA9 /* 轻_彩色@3x.png */; };
		531BA04A1C8E7AA60019FFA9 /* 优_彩色@2x.png in Resources */ = {isa = PBXBuildFile; fileRef = 531BA0401C8E7AA60019FFA9 /* 优_彩色@2x.png */; };
		531BA04B1C8E7AA60019FFA9 /* 优_彩色@3x.png in Resources */ = {isa = PBXBuildFile; fileRef = 531BA0411C8E7AA60019FFA9 /* 优_彩色@3x.png */; };
		531BA04C1C8E7AA60019FFA9 /* 中_彩色@2x.png in Resources */ = {isa = PBXBuildFile; fileRef = 531BA0421C8E7AA60019FFA9 /* 中_彩色@2x.png */; };
		531BA04D1C8E7AA60019FFA9 /* 中_彩色@3x.png in Resources */ = {isa = PBXBuildFile; fileRef = 531BA0431C8E7AA60019FFA9 /* 中_彩色@3x.png */; };
		531BA04E1C8E7AA60019FFA9 /* 重_彩色@2x.png in Resources */ = {isa = PBXBuildFile; fileRef = 531BA0441C8E7AA60019FFA9 /* 重_彩色@2x.png */; };
		531BA04F1C8E7AA60019FFA9 /* 重_彩色@3x.png in Resources */ = {isa = PBXBuildFile; fileRef = 531BA0451C8E7AA60019FFA9 /* 重_彩色@3x.png */; };
		531C23F01C8599420009E0E6 /* AppDelegate.swift in Sources */ = {isa = PBXBuildFile; fileRef = 531C23EF1C8599420009E0E6 /* AppDelegate.swift */; };
		531C23F21C8599420009E0E6 /* ViewController.swift in Sources */ = {isa = PBXBuildFile; fileRef = 531C23F11C8599420009E0E6 /* ViewController.swift */; };
		531C23F51C8599420009E0E6 /* Main.storyboard in Resources */ = {isa = PBXBuildFile; fileRef = 531C23F31C8599420009E0E6 /* Main.storyboard */; };
		531C23F71C8599420009E0E6 /* Assets.xcassets in Resources */ = {isa = PBXBuildFile; fileRef = 531C23F61C8599420009E0E6 /* Assets.xcassets */; };
		531C23FA1C8599420009E0E6 /* LaunchScreen.storyboard in Resources */ = {isa = PBXBuildFile; fileRef = 531C23F81C8599420009E0E6 /* LaunchScreen.storyboard */; };
		531C24221C869BB90009E0E6 /* XZSwiftNavigationController.swift in Sources */ = {isa = PBXBuildFile; fileRef = 531C24211C869BB90009E0E6 /* XZSwiftNavigationController.swift */; };
		531C24241C86BAD10009E0E6 /* XZSwiftColor.swift in Sources */ = {isa = PBXBuildFile; fileRef = 531C24231C86BAD10009E0E6 /* XZSwiftColor.swift */; };
		534926161C86E29E0077A8A6 /* UITableView+Extension.swift in Sources */ = {isa = PBXBuildFile; fileRef = 534926101C86E29E0077A8A6 /* UITableView+Extension.swift */; };
		534926171C86E29E0077A8A6 /* UITableView+FINAutomaticHeightCell.swift in Sources */ = {isa = PBXBuildFile; fileRef = 534926121C86E29E0077A8A6 /* UITableView+FINAutomaticHeightCell.swift */; };
		534926191C86E3A80077A8A6 /* HomeViewController.swift in Sources */ = {isa = PBXBuildFile; fileRef = 534926181C86E3A80077A8A6 /* HomeViewController.swift */; };
		53917E661C897B85002200C1 /* UUBar.m in Sources */ = {isa = PBXBuildFile; fileRef = 53917E5B1C897B85002200C1 /* UUBar.m */; };
		53917E671C897B85002200C1 /* UUBarChart.m in Sources */ = {isa = PBXBuildFile; fileRef = 53917E5D1C897B85002200C1 /* UUBarChart.m */; };
		53917E681C897B85002200C1 /* UUChart.m in Sources */ = {isa = PBXBuildFile; fileRef = 53917E5F1C897B85002200C1 /* UUChart.m */; };
		53917E691C897B85002200C1 /* UUChartConst.m in Sources */ = {isa = PBXBuildFile; fileRef = 53917E611C897B85002200C1 /* UUChartConst.m */; };
		53917E6A1C897B85002200C1 /* UUChartLabel.m in Sources */ = {isa = PBXBuildFile; fileRef = 53917E631C897B85002200C1 /* UUChartLabel.m */; };
		53917E6B1C897B85002200C1 /* UULineChart.m in Sources */ = {isa = PBXBuildFile; fileRef = 53917E651C897B85002200C1 /* UULineChart.m */; };
		53917E711C89811D002200C1 /* WeatherModel.swift in Sources */ = {isa = PBXBuildFile; fileRef = 53917E701C89811D002200C1 /* WeatherModel.swift */; };
		53FBB90F1C880F990076C002 /* WeatherTabeleViewCell.swift in Sources */ = {isa = PBXBuildFile; fileRef = 53FBB90E1C880F990076C002 /* WeatherTabeleViewCell.swift */; };
/* End PBXBuildFile section */

/* Begin PBXFileReference section */
		530D946A1C8D3308005342BF /* BaseJsonModel.swift */ = {isa = PBXFileReference; fileEncoding = 4; lastKnownFileType = sourcecode.swift; path = BaseJsonModel.swift; sourceTree = "<group>"; };
		530D94721C8D6B64005342BF /* cm_weathericon_0@2x.png */ = {isa = PBXFileReference; lastKnownFileType = image.png; path = "cm_weathericon_0@2x.png"; sourceTree = "<group>"; };
		530D94731C8D6B64005342BF /* cm_weathericon_0@3x.png */ = {isa = PBXFileReference; lastKnownFileType = image.png; path = "cm_weathericon_0@3x.png"; sourceTree = "<group>"; };
		530D94741C8D6B64005342BF /* cm_weathericon_10@2x.png */ = {isa = PBXFileReference; lastKnownFileType = image.png; path = "cm_weathericon_10@2x.png"; sourceTree = "<group>"; };
		530D94751C8D6B64005342BF /* cm_weathericon_10@3x.png */ = {isa = PBXFileReference; lastKnownFileType = image.png; path = "cm_weathericon_10@3x.png"; sourceTree = "<group>"; };
		530D94761C8D6B64005342BF /* cm_weathericon_11@2x.png */ = {isa = PBXFileReference; lastKnownFileType = image.png; path = "cm_weathericon_11@2x.png"; sourceTree = "<group>"; };
		530D94771C8D6B64005342BF /* cm_weathericon_11@3x.png */ = {isa = PBXFileReference; lastKnownFileType = image.png; path = "cm_weathericon_11@3x.png"; sourceTree = "<group>"; };
		530D94781C8D6B64005342BF /* cm_weathericon_12@2x.png */ = {isa = PBXFileReference; lastKnownFileType = image.png; path = "cm_weathericon_12@2x.png"; sourceTree = "<group>"; };
		530D94791C8D6B64005342BF /* cm_weathericon_12@3x.png */ = {isa = PBXFileReference; lastKnownFileType = image.png; path = "cm_weathericon_12@3x.png"; sourceTree = "<group>"; };
		530D947A1C8D6B64005342BF /* cm_weathericon_13@2x.png */ = {isa = PBXFileReference; lastKnownFileType = image.png; path = "cm_weathericon_13@2x.png"; sourceTree = "<group>"; };
		530D947B1C8D6B64005342BF /* cm_weathericon_13@3x.png */ = {isa = PBXFileReference; lastKnownFileType = image.png; path = "cm_weathericon_13@3x.png"; sourceTree = "<group>"; };
		530D947C1C8D6B64005342BF /* cm_weathericon_14@2x.png */ = {isa = PBXFileReference; lastKnownFileType = image.png; path = "cm_weathericon_14@2x.png"; sourceTree = "<group>"; };
		530D947D1C8D6B64005342BF /* cm_weathericon_14@3x.png */ = {isa = PBXFileReference; lastKnownFileType = image.png; path = "cm_weathericon_14@3x.png"; sourceTree = "<group>"; };
		530D947E1C8D6B64005342BF /* cm_weathericon_15@2x.png */ = {isa = PBXFileReference; lastKnownFileType = image.png; path = "cm_weathericon_15@2x.png"; sourceTree = "<group>"; };
		530D947F1C8D6B64005342BF /* cm_weathericon_15@3x.png */ = {isa = PBXFileReference; lastKnownFileType = image.png; path = "cm_weathericon_15@3x.png"; sourceTree = "<group>"; };
		530D94801C8D6B64005342BF /* cm_weathericon_16@2x.png */ = {isa = PBXFileReference; lastKnownFileType = image.png; path = "cm_weathericon_16@2x.png"; sourceTree = "<group>"; };
		530D94811C8D6B64005342BF /* cm_weathericon_16@3x.png */ = {isa = PBXFileReference; lastKnownFileType = image.png; path = "cm_weathericon_16@3x.png"; sourceTree = "<group>"; };
		530D94821C8D6B64005342BF /* cm_weathericon_17@2x.png */ = {isa = PBXFileReference; lastKnownFileType = image.png; path = "cm_weathericon_17@2x.png"; sourceTree = "<group>"; };
		530D94831C8D6B64005342BF /* cm_weathericon_17@3x.png */ = {isa = PBXFileReference; lastKnownFileType = image.png; path = "cm_weathericon_17@3x.png"; sourceTree = "<group>"; };
		530D94841C8D6B64005342BF /* cm_weathericon_18@2x.png */ = {isa = PBXFileReference; lastKnownFileType = image.png; path = "cm_weathericon_18@2x.png"; sourceTree = "<group>"; };
		530D94851C8D6B64005342BF /* cm_weathericon_18@3x.png */ = {isa = PBXFileReference; lastKnownFileType = image.png; path = "cm_weathericon_18@3x.png"; sourceTree = "<group>"; };
		530D94861C8D6B64005342BF /* cm_weathericon_19@2x.png */ = {isa = PBXFileReference; lastKnownFileType = image.png; path = "cm_weathericon_19@2x.png"; sourceTree = "<group>"; };
		530D94871C8D6B64005342BF /* cm_weathericon_19@3x.png */ = {isa = PBXFileReference; lastKnownFileType = image.png; path = "cm_weathericon_19@3x.png"; sourceTree = "<group>"; };
		530D94881C8D6B64005342BF /* cm_weathericon_1@2x.png */ = {isa = PBXFileReference; lastKnownFileType = image.png; path = "cm_weathericon_1@2x.png"; sourceTree = "<group>"; };
		530D94891C8D6B64005342BF /* cm_weathericon_1@3x.png */ = {isa = PBXFileReference; lastKnownFileType = image.png; path = "cm_weathericon_1@3x.png"; sourceTree = "<group>"; };
		530D948A1C8D6B64005342BF /* cm_weathericon_20@2x.png */ = {isa = PBXFileReference; lastKnownFileType = image.png; path = "cm_weathericon_20@2x.png"; sourceTree = "<group>"; };
		530D948B1C8D6B64005342BF /* cm_weathericon_20@3x.png */ = {isa = PBXFileReference; lastKnownFileType = image.png; path = "cm_weathericon_20@3x.png"; sourceTree = "<group>"; };
		530D948C1C8D6B64005342BF /* cm_weathericon_21@2x.png */ = {isa = PBXFileReference; lastKnownFileType = image.png; path = "cm_weathericon_21@2x.png"; sourceTree = "<group>"; };
		530D948D1C8D6B64005342BF /* cm_weathericon_21@3x.png */ = {isa = PBXFileReference; lastKnownFileType = image.png; path = "cm_weathericon_21@3x.png"; sourceTree = "<group>"; };
		530D948E1C8D6B64005342BF /* cm_weathericon_22@2x.png */ = {isa = PBXFileReference; lastKnownFileType = image.png; path = "cm_weathericon_22@2x.png"; sourceTree = "<group>"; };
		530D948F1C8D6B64005342BF /* cm_weathericon_22@3x.png */ = {isa = PBXFileReference; lastKnownFileType = image.png; path = "cm_weathericon_22@3x.png"; sourceTree = "<group>"; };
		530D94901C8D6B64005342BF /* cm_weathericon_23@2x.png */ = {isa = PBXFileReference; lastKnownFileType = image.png; path = "cm_weathericon_23@2x.png"; sourceTree = "<group>"; };
		530D94911C8D6B64005342BF /* cm_weathericon_23@3x.png */ = {isa = PBXFileReference; lastKnownFileType = image.png; path = "cm_weathericon_23@3x.png"; sourceTree = "<group>"; };
		530D94921C8D6B64005342BF /* cm_weathericon_24@2x.png */ = {isa = PBXFileReference; lastKnownFileType = image.png; path = "cm_weathericon_24@2x.png"; sourceTree = "<group>"; };
		530D94931C8D6B64005342BF /* cm_weathericon_24@3x.png */ = {isa = PBXFileReference; lastKnownFileType = image.png; path = "cm_weathericon_24@3x.png"; sourceTree = "<group>"; };
		530D94941C8D6B64005342BF /* cm_weathericon_25@2x.png */ = {isa = PBXFileReference; lastKnownFileType = image.png; path = "cm_weathericon_25@2x.png"; sourceTree = "<group>"; };
		530D94951C8D6B64005342BF /* cm_weathericon_25@3x.png */ = {isa = PBXFileReference; lastKnownFileType = image.png; path = "cm_weathericon_25@3x.png"; sourceTree = "<group>"; };
		530D94961C8D6B64005342BF /* cm_weathericon_26@2x.png */ = {isa = PBXFileReference; lastKnownFileType = image.png; path = "cm_weathericon_26@2x.png"; sourceTree = "<group>"; };
		530D94971C8D6B64005342BF /* cm_weathericon_26@3x.png */ = {isa = PBXFileReference; lastKnownFileType = image.png; path = "cm_weathericon_26@3x.png"; sourceTree = "<group>"; };
		530D94981C8D6B64005342BF /* cm_weathericon_27@2x.png */ = {isa = PBXFileReference; lastKnownFileType = image.png; path = "cm_weathericon_27@2x.png"; sourceTree = "<group>"; };
		530D94991C8D6B64005342BF /* cm_weathericon_27@3x.png */ = {isa = PBXFileReference; lastKnownFileType = image.png; path = "cm_weathericon_27@3x.png"; sourceTree = "<group>"; };
		530D949A1C8D6B64005342BF /* cm_weathericon_28@2x.png */ = {isa = PBXFileReference; lastKnownFileType = image.png; path = "cm_weathericon_28@2x.png"; sourceTree = "<group>"; };
		530D949B1C8D6B64005342BF /* cm_weathericon_28@3x.png */ = {isa = PBXFileReference; lastKnownFileType = image.png; path = "cm_weathericon_28@3x.png"; sourceTree = "<group>"; };
		530D949C1C8D6B64005342BF /* cm_weathericon_29@2x.png */ = {isa = PBXFileReference; lastKnownFileType = image.png; path = "cm_weathericon_29@2x.png"; sourceTree = "<group>"; };
		530D949D1C8D6B64005342BF /* cm_weathericon_29@3x.png */ = {isa = PBXFileReference; lastKnownFileType = image.png; path = "cm_weathericon_29@3x.png"; sourceTree = "<group>"; };
		530D949E1C8D6B64005342BF /* cm_weathericon_2@2x.png */ = {isa = PBXFileReference; lastKnownFileType = image.png; path = "cm_weathericon_2@2x.png"; sourceTree = "<group>"; };
		530D949F1C8D6B64005342BF /* cm_weathericon_2@3x.png */ = {isa = PBXFileReference; lastKnownFileType = image.png; path = "cm_weathericon_2@3x.png"; sourceTree = "<group>"; };
		530D94A01C8D6B64005342BF /* cm_weathericon_30@2x.png */ = {isa = PBXFileReference; lastKnownFileType = image.png; path = "cm_weathericon_30@2x.png"; sourceTree = "<group>"; };
		530D94A11C8D6B64005342BF /* cm_weathericon_30@3x.png */ = {isa = PBXFileReference; lastKnownFileType = image.png; path = "cm_weathericon_30@3x.png"; sourceTree = "<group>"; };
		530D94A21C8D6B64005342BF /* cm_weathericon_31@2x.png */ = {isa = PBXFileReference; lastKnownFileType = image.png; path = "cm_weathericon_31@2x.png"; sourceTree = "<group>"; };
		530D94A31C8D6B64005342BF /* cm_weathericon_31@3x.png */ = {isa = PBXFileReference; lastKnownFileType = image.png; path = "cm_weathericon_31@3x.png"; sourceTree = "<group>"; };
		530D94A41C8D6B64005342BF /* cm_weathericon_33@2x.png */ = {isa = PBXFileReference; lastKnownFileType = image.png; path = "cm_weathericon_33@2x.png"; sourceTree = "<group>"; };
		530D94A51C8D6B64005342BF /* cm_weathericon_33@3x.png */ = {isa = PBXFileReference; lastKnownFileType = image.png; path = "cm_weathericon_33@3x.png"; sourceTree = "<group>"; };
		530D94A61C8D6B64005342BF /* cm_weathericon_3@2x.png */ = {isa = PBXFileReference; lastKnownFileType = image.png; path = "cm_weathericon_3@2x.png"; sourceTree = "<group>"; };
		530D94A71C8D6B64005342BF /* cm_weathericon_3@3x.png */ = {isa = PBXFileReference; lastKnownFileType = image.png; path = "cm_weathericon_3@3x.png"; sourceTree = "<group>"; };
		530D94A81C8D6B64005342BF /* cm_weathericon_4@2x.png */ = {isa = PBXFileReference; lastKnownFileType = image.png; path = "cm_weathericon_4@2x.png"; sourceTree = "<group>"; };
		530D94A91C8D6B64005342BF /* cm_weathericon_4@3x.png */ = {isa = PBXFileReference; lastKnownFileType = image.png; path = "cm_weathericon_4@3x.png"; sourceTree = "<group>"; };
		530D94AA1C8D6B64005342BF /* cm_weathericon_5@2x.png */ = {isa = PBXFileReference; lastKnownFileType = image.png; path = "cm_weathericon_5@2x.png"; sourceTree = "<group>"; };
		530D94AB1C8D6B64005342BF /* cm_weathericon_5@3x.png */ = {isa = PBXFileReference; lastKnownFileType = image.png; path = "cm_weathericon_5@3x.png"; sourceTree = "<group>"; };
		530D94AC1C8D6B64005342BF /* cm_weathericon_6@2x.png */ = {isa = PBXFileReference; lastKnownFileType = image.png; path = "cm_weathericon_6@2x.png"; sourceTree = "<group>"; };
		530D94AD1C8D6B64005342BF /* cm_weathericon_6@3x.png */ = {isa = PBXFileReference; lastKnownFileType = image.png; path = "cm_weathericon_6@3x.png"; sourceTree = "<group>"; };
		530D94AE1C8D6B64005342BF /* cm_weathericon_7@2x.png */ = {isa = PBXFileReference; lastKnownFileType = image.png; path = "cm_weathericon_7@2x.png"; sourceTree = "<group>"; };
		530D94AF1C8D6B64005342BF /* cm_weathericon_7@3x.png */ = {isa = PBXFileReference; lastKnownFileType = image.png; path = "cm_weathericon_7@3x.png"; sourceTree = "<group>"; };
		530D94B01C8D6B64005342BF /* cm_weathericon_8@2x.png */ = {isa = PBXFileReference; lastKnownFileType = image.png; path = "cm_weathericon_8@2x.png"; sourceTree = "<group>"; };
		530D94B11C8D6B64005342BF /* cm_weathericon_8@3x.png */ = {isa = PBXFileReference; lastKnownFileType = image.png; path = "cm_weathericon_8@3x.png"; sourceTree = "<group>"; };
		530D94B21C8D6B64005342BF /* cm_weathericon_9@2x.png */ = {isa = PBXFileReference; lastKnownFileType = image.png; path = "cm_weathericon_9@2x.png"; sourceTree = "<group>"; };
		530D94B31C8D6B64005342BF /* cm_weathericon_9@3x.png */ = {isa = PBXFileReference; lastKnownFileType = image.png; path = "cm_weathericon_9@3x.png"; sourceTree = "<group>"; };
		530D94B51C8D6B64005342BF /* w0.png */ = {isa = PBXFileReference; lastKnownFileType = image.png; path = w0.png; sourceTree = "<group>"; };
		530D94B61C8D6B64005342BF /* w1.png */ = {isa = PBXFileReference; lastKnownFileType = image.png; path = w1.png; sourceTree = "<group>"; };
		530D94B71C8D6B64005342BF /* w10.png */ = {isa = PBXFileReference; lastKnownFileType = image.png; path = w10.png; sourceTree = "<group>"; };
		530D94B81C8D6B64005342BF /* w11.png */ = {isa = PBXFileReference; lastKnownFileType = image.png; path = w11.png; sourceTree = "<group>"; };
		530D94B91C8D6B64005342BF /* w12.png */ = {isa = PBXFileReference; lastKnownFileType = image.png; path = w12.png; sourceTree = "<group>"; };
		530D94BA1C8D6B64005342BF /* w13.png */ = {isa = PBXFileReference; lastKnownFileType = image.png; path = w13.png; sourceTree = "<group>"; };
		530D94BB1C8D6B64005342BF /* w14.png */ = {isa = PBXFileReference; lastKnownFileType = image.png; path = w14.png; sourceTree = "<group>"; };
		530D94BC1C8D6B64005342BF /* w15.png */ = {isa = PBXFileReference; lastKnownFileType = image.png; path = w15.png; sourceTree = "<group>"; };
		530D94BD1C8D6B64005342BF /* w16.png */ = {isa = PBXFileReference; lastKnownFileType = image.png; path = w16.png; sourceTree = "<group>"; };
		530D94BE1C8D6B64005342BF /* w17.png */ = {isa = PBXFileReference; lastKnownFileType = image.png; path = w17.png; sourceTree = "<group>"; };
		530D94BF1C8D6B64005342BF /* w18.png */ = {isa = PBXFileReference; lastKnownFileType = image.png; path = w18.png; sourceTree = "<group>"; };
		530D94C01C8D6B64005342BF /* w19.png */ = {isa = PBXFileReference; lastKnownFileType = image.png; path = w19.png; sourceTree = "<group>"; };
		530D94C11C8D6B64005342BF /* w2.png */ = {isa = PBXFileReference; lastKnownFileType = image.png; path = w2.png; sourceTree = "<group>"; };
		530D94C21C8D6B64005342BF /* w20.png */ = {isa = PBXFileReference; lastKnownFileType = image.png; path = w20.png; sourceTree = "<group>"; };
		530D94C31C8D6B64005342BF /* w21.png */ = {isa = PBXFileReference; lastKnownFileType = image.png; path = w21.png; sourceTree = "<group>"; };
		530D94C41C8D6B64005342BF /* w22.png */ = {isa = PBXFileReference; lastKnownFileType = image.png; path = w22.png; sourceTree = "<group>"; };
		530D94C51C8D6B64005342BF /* w23.png */ = {isa = PBXFileReference; lastKnownFileType = image.png; path = w23.png; sourceTree = "<group>"; };
		530D94C61C8D6B64005342BF /* w24.png */ = {isa = PBXFileReference; lastKnownFileType = image.png; path = w24.png; sourceTree = "<group>"; };
		530D94C71C8D6B64005342BF /* w25.png */ = {isa = PBXFileReference; lastKnownFileType = image.png; path = w25.png; sourceTree = "<group>"; };
		530D94C81C8D6B64005342BF /* w26.png */ = {isa = PBXFileReference; lastKnownFileType = image.png; path = w26.png; sourceTree = "<group>"; };
		530D94C91C8D6B64005342BF /* w27.png */ = {isa = PBXFileReference; lastKnownFileType = image.png; path = w27.png; sourceTree = "<group>"; };
		530D94CA1C8D6B64005342BF /* w28.png */ = {isa = PBXFileReference; lastKnownFileType = image.png; path = w28.png; sourceTree = "<group>"; };
		530D94CB1C8D6B64005342BF /* w29.png */ = {isa = PBXFileReference; lastKnownFileType = image.png; path = w29.png; sourceTree = "<group>"; };
		530D94CC1C8D6B64005342BF /* w3.png */ = {isa = PBXFileReference; lastKnownFileType = image.png; path = w3.png; sourceTree = "<group>"; };
		530D94CD1C8D6B64005342BF /* w30.png */ = {isa = PBXFileReference; lastKnownFileType = image.png; path = w30.png; sourceTree = "<group>"; };
		530D94CE1C8D6B64005342BF /* w31.png */ = {isa = PBXFileReference; lastKnownFileType = image.png; path = w31.png; sourceTree = "<group>"; };
		530D94CF1C8D6B64005342BF /* w32.png */ = {isa = PBXFileReference; lastKnownFileType = image.png; path = w32.png; sourceTree = "<group>"; };
		530D94D01C8D6B64005342BF /* w33.png */ = {isa = PBXFileReference; lastKnownFileType = image.png; path = w33.png; sourceTree = "<group>"; };
		530D94D11C8D6B64005342BF /* w34.png */ = {isa = PBXFileReference; lastKnownFileType = image.png; path = w34.png; sourceTree = "<group>"; };
		530D94D21C8D6B64005342BF /* w35.png */ = {isa = PBXFileReference; lastKnownFileType = image.png; path = w35.png; sourceTree = "<group>"; };
		530D94D31C8D6B64005342BF /* w36.png */ = {isa = PBXFileReference; lastKnownFileType = image.png; path = w36.png; sourceTree = "<group>"; };
		530D94D41C8D6B64005342BF /* w37.png */ = {isa = PBXFileReference; lastKnownFileType = image.png; path = w37.png; sourceTree = "<group>"; };
		530D94D51C8D6B64005342BF /* w38.png */ = {isa = PBXFileReference; lastKnownFileType = image.png; path = w38.png; sourceTree = "<group>"; };
		530D94D61C8D6B64005342BF /* w4.png */ = {isa = PBXFileReference; lastKnownFileType = image.png; path = w4.png; sourceTree = "<group>"; };
		530D94D71C8D6B64005342BF /* w5.png */ = {isa = PBXFileReference; lastKnownFileType = image.png; path = w5.png; sourceTree = "<group>"; };
		530D94D81C8D6B64005342BF /* w6.png */ = {isa = PBXFileReference; lastKnownFileType = image.png; path = w6.png; sourceTree = "<group>"; };
		530D94D91C8D6B64005342BF /* w7.png */ = {isa = PBXFileReference; lastKnownFileType = image.png; path = w7.png; sourceTree = "<group>"; };
		530D94DA1C8D6B64005342BF /* w8.png */ = {isa = PBXFileReference; lastKnownFileType = image.png; path = w8.png; sourceTree = "<group>"; };
		530D94DB1C8D6B64005342BF /* w9.png */ = {isa = PBXFileReference; lastKnownFileType = image.png; path = w9.png; sourceTree = "<group>"; };
		530D94DC1C8D6B64005342BF /* w99.png */ = {isa = PBXFileReference; lastKnownFileType = image.png; path = w99.png; sourceTree = "<group>"; };
		530D95531C8D7F91005342BF /* DGElasticPullToRefreshConstants.swift */ = {isa = PBXFileReference; fileEncoding = 4; lastKnownFileType = sourcecode.swift; path = DGElasticPullToRefreshConstants.swift; sourceTree = "<group>"; };
		530D95541C8D7F91005342BF /* DGElasticPullToRefreshExtensions.swift */ = {isa = PBXFileReference; fileEncoding = 4; lastKnownFileType = sourcecode.swift; path = DGElasticPullToRefreshExtensions.swift; sourceTree = "<group>"; };
		530D95551C8D7F91005342BF /* DGElasticPullToRefreshLoadingView.swift */ = {isa = PBXFileReference; fileEncoding = 4; lastKnownFileType = sourcecode.swift; path = DGElasticPullToRefreshLoadingView.swift; sourceTree = "<group>"; };
		530D95561C8D7F91005342BF /* DGElasticPullToRefreshLoadingViewCircle.swift */ = {isa = PBXFileReference; fileEncoding = 4; lastKnownFileType = sourcecode.swift; path = DGElasticPullToRefreshLoadingViewCircle.swift; sourceTree = "<group>"; };
		530D95571C8D7F91005342BF /* DGElasticPullToRefreshView.swift */ = {isa = PBXFileReference; fileEncoding = 4; lastKnownFileType = sourcecode.swift; path = DGElasticPullToRefreshView.swift; sourceTree = "<group>"; };
		531BA03C1C8E7AA60019FFA9 /* 良_彩色@2x.png */ = {isa = PBXFileReference; lastKnownFileType = image.png; path = "良_彩色@2x.png"; sourceTree = "<group>"; };
		531BA03D1C8E7AA60019FFA9 /* 良_彩色@3x.png */ = {isa = PBXFileReference; lastKnownFileType = image.png; path = "良_彩色@3x.png"; sourceTree = "<group>"; };
		531BA03E1C8E7AA60019FFA9 /* 轻_彩色@2x.png */ = {isa = PBXFileReference; lastKnownFileType = image.png; path = "轻_彩色@2x.png"; sourceTree = "<group>"; };
		531BA03F1C8E7AA60019FFA9 /* 轻_彩色@3x.png */ = {isa = PBXFileReference; lastKnownFileType = image.png; path = "轻_彩色@3x.png"; sourceTree = "<group>"; };
		531BA0401C8E7AA60019FFA9 /* 优_彩色@2x.png */ = {isa = PBXFileReference; lastKnownFileType = image.png; path = "优_彩色@2x.png"; sourceTree = "<group>"; };
		531BA0411C8E7AA60019FFA9 /* 优_彩色@3x.png */ = {isa = PBXFileReference; lastKnownFileType = image.png; path = "优_彩色@3x.png"; sourceTree = "<group>"; };
		531BA0421C8E7AA60019FFA9 /* 中_彩色@2x.png */ = {isa = PBXFileReference; lastKnownFileType = image.png; path = "中_彩色@2x.png"; sourceTree = "<group>"; };
		531BA0431C8E7AA60019FFA9 /* 中_彩色@3x.png */ = {isa = PBXFileReference; lastKnownFileType = image.png; path = "中_彩色@3x.png"; sourceTree = "<group>"; };
		531BA0441C8E7AA60019FFA9 /* 重_彩色@2x.png */ = {isa = PBXFileReference; lastKnownFileType = image.png; path = "重_彩色@2x.png"; sourceTree = "<group>"; };
		531BA0451C8E7AA60019FFA9 /* 重_彩色@3x.png */ = {isa = PBXFileReference; lastKnownFileType = image.png; path = "重_彩色@3x.png"; sourceTree = "<group>"; };
		531C23EC1C8599420009E0E6 /* Convenient-Swift.app */ = {isa = PBXFileReference; explicitFileType = wrapper.application; includeInIndex = 0; path = "Convenient-Swift.app"; sourceTree = BUILT_PRODUCTS_DIR; };
		531C23EF1C8599420009E0E6 /* AppDelegate.swift */ = {isa = PBXFileReference; lastKnownFileType = sourcecode.swift; path = AppDelegate.swift; sourceTree = "<group>"; };
		531C23F11C8599420009E0E6 /* ViewController.swift */ = {isa = PBXFileReference; lastKnownFileType = sourcecode.swift; path = ViewController.swift; sourceTree = "<group>"; };
		531C23F41C8599420009E0E6 /* Base */ = {isa = PBXFileReference; lastKnownFileType = file.storyboard; name = Base; path = Base.lproj/Main.storyboard; sourceTree = "<group>"; };
		531C23F61C8599420009E0E6 /* Assets.xcassets */ = {isa = PBXFileReference; lastKnownFileType = folder.assetcatalog; path = Assets.xcassets; sourceTree = "<group>"; };
		531C23F91C8599420009E0E6 /* Base */ = {isa = PBXFileReference; lastKnownFileType = file.storyboard; name = Base; path = Base.lproj/LaunchScreen.storyboard; sourceTree = "<group>"; };
		531C23FB1C8599420009E0E6 /* Info.plist */ = {isa = PBXFileReference; lastKnownFileType = text.plist.xml; path = Info.plist; sourceTree = "<group>"; };
		531C24211C869BB90009E0E6 /* XZSwiftNavigationController.swift */ = {isa = PBXFileReference; fileEncoding = 4; lastKnownFileType = sourcecode.swift; path = XZSwiftNavigationController.swift; sourceTree = "<group>"; };
		531C24231C86BAD10009E0E6 /* XZSwiftColor.swift */ = {isa = PBXFileReference; fileEncoding = 4; lastKnownFileType = sourcecode.swift; path = XZSwiftColor.swift; sourceTree = "<group>"; };
		534926101C86E29E0077A8A6 /* UITableView+Extension.swift */ = {isa = PBXFileReference; fileEncoding = 4; lastKnownFileType = sourcecode.swift; path = "UITableView+Extension.swift"; sourceTree = "<group>"; };
		534926121C86E29E0077A8A6 /* UITableView+FINAutomaticHeightCell.swift */ = {isa = PBXFileReference; fileEncoding = 4; lastKnownFileType = sourcecode.swift; path = "UITableView+FINAutomaticHeightCell.swift"; sourceTree = "<group>"; };
		534926181C86E3A80077A8A6 /* HomeViewController.swift */ = {isa = PBXFileReference; fileEncoding = 4; lastKnownFileType = sourcecode.swift; name = HomeViewController.swift; path = "../Convenient-Swift/HomeViewController.swift"; sourceTree = "<group>"; };
		53917E581C896371002200C1 /* Convenient-Header.h */ = {isa = PBXFileReference; lastKnownFileType = sourcecode.c.h; path = "Convenient-Header.h"; sourceTree = "<group>"; };
		53917E5A1C897B85002200C1 /* UUBar.h */ = {isa = PBXFileReference; fileEncoding = 4; lastKnownFileType = sourcecode.c.h; path = UUBar.h; sourceTree = "<group>"; };
		53917E5B1C897B85002200C1 /* UUBar.m */ = {isa = PBXFileReference; fileEncoding = 4; lastKnownFileType = sourcecode.c.objc; path = UUBar.m; sourceTree = "<group>"; };
		53917E5C1C897B85002200C1 /* UUBarChart.h */ = {isa = PBXFileReference; fileEncoding = 4; lastKnownFileType = sourcecode.c.h; path = UUBarChart.h; sourceTree = "<group>"; };
		53917E5D1C897B85002200C1 /* UUBarChart.m */ = {isa = PBXFileReference; fileEncoding = 4; lastKnownFileType = sourcecode.c.objc; path = UUBarChart.m; sourceTree = "<group>"; };
		53917E5E1C897B85002200C1 /* UUChart.h */ = {isa = PBXFileReference; fileEncoding = 4; lastKnownFileType = sourcecode.c.h; path = UUChart.h; sourceTree = "<group>"; };
		53917E5F1C897B85002200C1 /* UUChart.m */ = {isa = PBXFileReference; fileEncoding = 4; lastKnownFileType = sourcecode.c.objc; path = UUChart.m; sourceTree = "<group>"; };
		53917E601C897B85002200C1 /* UUChartConst.h */ = {isa = PBXFileReference; fileEncoding = 4; lastKnownFileType = sourcecode.c.h; path = UUChartConst.h; sourceTree = "<group>"; };
		53917E611C897B85002200C1 /* UUChartConst.m */ = {isa = PBXFileReference; fileEncoding = 4; lastKnownFileType = sourcecode.c.objc; path = UUChartConst.m; sourceTree = "<group>"; };
		53917E621C897B85002200C1 /* UUChartLabel.h */ = {isa = PBXFileReference; fileEncoding = 4; lastKnownFileType = sourcecode.c.h; path = UUChartLabel.h; sourceTree = "<group>"; };
		53917E631C897B85002200C1 /* UUChartLabel.m */ = {isa = PBXFileReference; fileEncoding = 4; lastKnownFileType = sourcecode.c.objc; path = UUChartLabel.m; sourceTree = "<group>"; };
		53917E641C897B85002200C1 /* UULineChart.h */ = {isa = PBXFileReference; fileEncoding = 4; lastKnownFileType = sourcecode.c.h; path = UULineChart.h; sourceTree = "<group>"; };
		53917E651C897B85002200C1 /* UULineChart.m */ = {isa = PBXFileReference; fileEncoding = 4; lastKnownFileType = sourcecode.c.objc; path = UULineChart.m; sourceTree = "<group>"; };
		53917E701C89811D002200C1 /* WeatherModel.swift */ = {isa = PBXFileReference; fileEncoding = 4; lastKnownFileType = sourcecode.swift; path = WeatherModel.swift; sourceTree = "<group>"; };
		53FBB90E1C880F990076C002 /* WeatherTabeleViewCell.swift */ = {isa = PBXFileReference; fileEncoding = 4; lastKnownFileType = sourcecode.swift; path = WeatherTabeleViewCell.swift; sourceTree = "<group>"; };
		5687926651BA603ADEE9E172 /* Pods-Convenient-Swift.release.xcconfig */ = {isa = PBXFileReference; includeInIndex = 1; lastKnownFileType = text.xcconfig; name = "Pods-Convenient-Swift.release.xcconfig"; path = "Pods/Target Support Files/Pods-Convenient-Swift/Pods-Convenient-Swift.release.xcconfig"; sourceTree = "<group>"; };
		B006B6B36DBE9A7F413E4AE0 /* Pods_Convenient_Swift.framework */ = {isa = PBXFileReference; explicitFileType = wrapper.framework; includeInIndex = 0; path = Pods_Convenient_Swift.framework; sourceTree = BUILT_PRODUCTS_DIR; };
		F97BD5A7DBB8DEF42CFF8E5D /* Pods-Convenient-Swift.debug.xcconfig */ = {isa = PBXFileReference; includeInIndex = 1; lastKnownFileType = text.xcconfig; name = "Pods-Convenient-Swift.debug.xcconfig"; path = "Pods/Target Support Files/Pods-Convenient-Swift/Pods-Convenient-Swift.debug.xcconfig"; sourceTree = "<group>"; };
/* End PBXFileReference section */

/* Begin PBXFrameworksBuildPhase section */
		531C23E91C8599420009E0E6 /* Frameworks */ = {
			isa = PBXFrameworksBuildPhase;
			buildActionMask = 2147483647;
			files = (
				03EA6B1EEFCED9E16BE532E7 /* Pods_Convenient_Swift.framework in Frameworks */,
			);
			runOnlyForDeploymentPostprocessing = 0;
		};
/* End PBXFrameworksBuildPhase section */

/* Begin PBXGroup section */
		530D946F1C8D6B64005342BF /* Resources */ = {
			isa = PBXGroup;
			children = (
				531BA03C1C8E7AA60019FFA9 /* 良_彩色@2x.png */,
				531BA03D1C8E7AA60019FFA9 /* 良_彩色@3x.png */,
				531BA03E1C8E7AA60019FFA9 /* 轻_彩色@2x.png */,
				531BA03F1C8E7AA60019FFA9 /* 轻_彩色@3x.png */,
				531BA0401C8E7AA60019FFA9 /* 优_彩色@2x.png */,
				531BA0411C8E7AA60019FFA9 /* 优_彩色@3x.png */,
				531BA0421C8E7AA60019FFA9 /* 中_彩色@2x.png */,
				531BA0431C8E7AA60019FFA9 /* 中_彩色@3x.png */,
				531BA0441C8E7AA60019FFA9 /* 重_彩色@2x.png */,
				531BA0451C8E7AA60019FFA9 /* 重_彩色@3x.png */,
				530D94701C8D6B64005342BF /* WIcon */,
			);
			path = Resources;
			sourceTree = "<group>";
		};
		530D94701C8D6B64005342BF /* WIcon */ = {
			isa = PBXGroup;
			children = (
				530D94711C8D6B64005342BF /* day */,
				530D94B41C8D6B64005342BF /* night */,
			);
			path = WIcon;
			sourceTree = "<group>";
		};
		530D94711C8D6B64005342BF /* day */ = {
			isa = PBXGroup;
			children = (
				530D94721C8D6B64005342BF /* cm_weathericon_0@2x.png */,
				530D94731C8D6B64005342BF /* cm_weathericon_0@3x.png */,
				530D94741C8D6B64005342BF /* cm_weathericon_10@2x.png */,
				530D94751C8D6B64005342BF /* cm_weathericon_10@3x.png */,
				530D94761C8D6B64005342BF /* cm_weathericon_11@2x.png */,
				530D94771C8D6B64005342BF /* cm_weathericon_11@3x.png */,
				530D94781C8D6B64005342BF /* cm_weathericon_12@2x.png */,
				530D94791C8D6B64005342BF /* cm_weathericon_12@3x.png */,
				530D947A1C8D6B64005342BF /* cm_weathericon_13@2x.png */,
				530D947B1C8D6B64005342BF /* cm_weathericon_13@3x.png */,
				530D947C1C8D6B64005342BF /* cm_weathericon_14@2x.png */,
				530D947D1C8D6B64005342BF /* cm_weathericon_14@3x.png */,
				530D947E1C8D6B64005342BF /* cm_weathericon_15@2x.png */,
				530D947F1C8D6B64005342BF /* cm_weathericon_15@3x.png */,
				530D94801C8D6B64005342BF /* cm_weathericon_16@2x.png */,
				530D94811C8D6B64005342BF /* cm_weathericon_16@3x.png */,
				530D94821C8D6B64005342BF /* cm_weathericon_17@2x.png */,
				530D94831C8D6B64005342BF /* cm_weathericon_17@3x.png */,
				530D94841C8D6B64005342BF /* cm_weathericon_18@2x.png */,
				530D94851C8D6B64005342BF /* cm_weathericon_18@3x.png */,
				530D94861C8D6B64005342BF /* cm_weathericon_19@2x.png */,
				530D94871C8D6B64005342BF /* cm_weathericon_19@3x.png */,
				530D94881C8D6B64005342BF /* cm_weathericon_1@2x.png */,
				530D94891C8D6B64005342BF /* cm_weathericon_1@3x.png */,
				530D948A1C8D6B64005342BF /* cm_weathericon_20@2x.png */,
				530D948B1C8D6B64005342BF /* cm_weathericon_20@3x.png */,
				530D948C1C8D6B64005342BF /* cm_weathericon_21@2x.png */,
				530D948D1C8D6B64005342BF /* cm_weathericon_21@3x.png */,
				530D948E1C8D6B64005342BF /* cm_weathericon_22@2x.png */,
				530D948F1C8D6B64005342BF /* cm_weathericon_22@3x.png */,
				530D94901C8D6B64005342BF /* cm_weathericon_23@2x.png */,
				530D94911C8D6B64005342BF /* cm_weathericon_23@3x.png */,
				530D94921C8D6B64005342BF /* cm_weathericon_24@2x.png */,
				530D94931C8D6B64005342BF /* cm_weathericon_24@3x.png */,
				530D94941C8D6B64005342BF /* cm_weathericon_25@2x.png */,
				530D94951C8D6B64005342BF /* cm_weathericon_25@3x.png */,
				530D94961C8D6B64005342BF /* cm_weathericon_26@2x.png */,
				530D94971C8D6B64005342BF /* cm_weathericon_26@3x.png */,
				530D94981C8D6B64005342BF /* cm_weathericon_27@2x.png */,
				530D94991C8D6B64005342BF /* cm_weathericon_27@3x.png */,
				530D949A1C8D6B64005342BF /* cm_weathericon_28@2x.png */,
				530D949B1C8D6B64005342BF /* cm_weathericon_28@3x.png */,
				530D949C1C8D6B64005342BF /* cm_weathericon_29@2x.png */,
				530D949D1C8D6B64005342BF /* cm_weathericon_29@3x.png */,
				530D949E1C8D6B64005342BF /* cm_weathericon_2@2x.png */,
				530D949F1C8D6B64005342BF /* cm_weathericon_2@3x.png */,
				530D94A01C8D6B64005342BF /* cm_weathericon_30@2x.png */,
				530D94A11C8D6B64005342BF /* cm_weathericon_30@3x.png */,
				530D94A21C8D6B64005342BF /* cm_weathericon_31@2x.png */,
				530D94A31C8D6B64005342BF /* cm_weathericon_31@3x.png */,
				530D94A41C8D6B64005342BF /* cm_weathericon_33@2x.png */,
				530D94A51C8D6B64005342BF /* cm_weathericon_33@3x.png */,
				530D94A61C8D6B64005342BF /* cm_weathericon_3@2x.png */,
				530D94A71C8D6B64005342BF /* cm_weathericon_3@3x.png */,
				530D94A81C8D6B64005342BF /* cm_weathericon_4@2x.png */,
				530D94A91C8D6B64005342BF /* cm_weathericon_4@3x.png */,
				530D94AA1C8D6B64005342BF /* cm_weathericon_5@2x.png */,
				530D94AB1C8D6B64005342BF /* cm_weathericon_5@3x.png */,
				530D94AC1C8D6B64005342BF /* cm_weathericon_6@2x.png */,
				530D94AD1C8D6B64005342BF /* cm_weathericon_6@3x.png */,
				530D94AE1C8D6B64005342BF /* cm_weathericon_7@2x.png */,
				530D94AF1C8D6B64005342BF /* cm_weathericon_7@3x.png */,
				530D94B01C8D6B64005342BF /* cm_weathericon_8@2x.png */,
				530D94B11C8D6B64005342BF /* cm_weathericon_8@3x.png */,
				530D94B21C8D6B64005342BF /* cm_weathericon_9@2x.png */,
				530D94B31C8D6B64005342BF /* cm_weathericon_9@3x.png */,
			);
			path = day;
			sourceTree = "<group>";
		};
		530D94B41C8D6B64005342BF /* night */ = {
			isa = PBXGroup;
			children = (
				530D94B51C8D6B64005342BF /* w0.png */,
				530D94B61C8D6B64005342BF /* w1.png */,
				530D94B71C8D6B64005342BF /* w10.png */,
				530D94B81C8D6B64005342BF /* w11.png */,
				530D94B91C8D6B64005342BF /* w12.png */,
				530D94BA1C8D6B64005342BF /* w13.png */,
				530D94BB1C8D6B64005342BF /* w14.png */,
				530D94BC1C8D6B64005342BF /* w15.png */,
				530D94BD1C8D6B64005342BF /* w16.png */,
				530D94BE1C8D6B64005342BF /* w17.png */,
				530D94BF1C8D6B64005342BF /* w18.png */,
				530D94C01C8D6B64005342BF /* w19.png */,
				530D94C11C8D6B64005342BF /* w2.png */,
				530D94C21C8D6B64005342BF /* w20.png */,
				530D94C31C8D6B64005342BF /* w21.png */,
				530D94C41C8D6B64005342BF /* w22.png */,
				530D94C51C8D6B64005342BF /* w23.png */,
				530D94C61C8D6B64005342BF /* w24.png */,
				530D94C71C8D6B64005342BF /* w25.png */,
				530D94C81C8D6B64005342BF /* w26.png */,
				530D94C91C8D6B64005342BF /* w27.png */,
				530D94CA1C8D6B64005342BF /* w28.png */,
				530D94CB1C8D6B64005342BF /* w29.png */,
				530D94CC1C8D6B64005342BF /* w3.png */,
				530D94CD1C8D6B64005342BF /* w30.png */,
				530D94CE1C8D6B64005342BF /* w31.png */,
				530D94CF1C8D6B64005342BF /* w32.png */,
				530D94D01C8D6B64005342BF /* w33.png */,
				530D94D11C8D6B64005342BF /* w34.png */,
				530D94D21C8D6B64005342BF /* w35.png */,
				530D94D31C8D6B64005342BF /* w36.png */,
				530D94D41C8D6B64005342BF /* w37.png */,
				530D94D51C8D6B64005342BF /* w38.png */,
				530D94D61C8D6B64005342BF /* w4.png */,
				530D94D71C8D6B64005342BF /* w5.png */,
				530D94D81C8D6B64005342BF /* w6.png */,
				530D94D91C8D6B64005342BF /* w7.png */,
				530D94DA1C8D6B64005342BF /* w8.png */,
				530D94DB1C8D6B64005342BF /* w9.png */,
				530D94DC1C8D6B64005342BF /* w99.png */,
			);
			path = night;
			sourceTree = "<group>";
		};
		530D95521C8D7F91005342BF /* DGElasticPullToRefresh */ = {
			isa = PBXGroup;
			children = (
				530D95531C8D7F91005342BF /* DGElasticPullToRefreshConstants.swift */,
				530D95541C8D7F91005342BF /* DGElasticPullToRefreshExtensions.swift */,
				530D95551C8D7F91005342BF /* DGElasticPullToRefreshLoadingView.swift */,
				530D95561C8D7F91005342BF /* DGElasticPullToRefreshLoadingViewCircle.swift */,
				530D95571C8D7F91005342BF /* DGElasticPullToRefreshView.swift */,
			);
			path = DGElasticPullToRefresh;
			sourceTree = "<group>";
		};
		531C23E31C8599420009E0E6 = {
			isa = PBXGroup;
			children = (
				530D946F1C8D6B64005342BF /* Resources */,
				531C23EE1C8599420009E0E6 /* Convenient-Swift */,
				53917E431C89619C002200C1 /* Libs */,
				531C241D1C8697AF0009E0E6 /* Common */,
				531C241E1C8697AF0009E0E6 /* Controller */,
				531C241F1C8697AF0009E0E6 /* Model */,
				531C24201C8697AF0009E0E6 /* View */,
				531C23ED1C8599420009E0E6 /* Products */,
				DB78D67925F9E0A07F6190E2 /* Pods */,
				C74482A3D9F72EF11F6AE50E /* Frameworks */,
			);
			sourceTree = "<group>";
		};
		531C23ED1C8599420009E0E6 /* Products */ = {
			isa = PBXGroup;
			children = (
				531C23EC1C8599420009E0E6 /* Convenient-Swift.app */,
			);
			name = Products;
			sourceTree = "<group>";
		};
		531C23EE1C8599420009E0E6 /* Convenient-Swift */ = {
			isa = PBXGroup;
			children = (
				531C23EF1C8599420009E0E6 /* AppDelegate.swift */,
				531C23F11C8599420009E0E6 /* ViewController.swift */,
				53917E581C896371002200C1 /* Convenient-Header.h */,
				531C23F31C8599420009E0E6 /* Main.storyboard */,
				531C23F61C8599420009E0E6 /* Assets.xcassets */,
				531C23F81C8599420009E0E6 /* LaunchScreen.storyboard */,
				531C23FB1C8599420009E0E6 /* Info.plist */,
			);
			path = "Convenient-Swift";
			sourceTree = "<group>";
		};
		531C241D1C8697AF0009E0E6 /* Common */ = {
			isa = PBXGroup;
			children = (
				5349260C1C86E29E0077A8A6 /* Extension */,
				534926111C86E29E0077A8A6 /* UITableView+FINAutomaticHeightCell */,
				531C24211C869BB90009E0E6 /* XZSwiftNavigationController.swift */,
				531C24231C86BAD10009E0E6 /* XZSwiftColor.swift */,
			);
			path = Common;
			sourceTree = "<group>";
		};
		531C241E1C8697AF0009E0E6 /* Controller */ = {
			isa = PBXGroup;
			children = (
				534926181C86E3A80077A8A6 /* HomeViewController.swift */,
			);
			path = Controller;
			sourceTree = "<group>";
		};
		531C241F1C8697AF0009E0E6 /* Model */ = {
			isa = PBXGroup;
			children = (
				53917E701C89811D002200C1 /* WeatherModel.swift */,
				530D946A1C8D3308005342BF /* BaseJsonModel.swift */,
			);
			path = Model;
			sourceTree = "<group>";
		};
		531C24201C8697AF0009E0E6 /* View */ = {
			isa = PBXGroup;
			children = (
				53FBB90E1C880F990076C002 /* WeatherTabeleViewCell.swift */,
			);
			path = View;
			sourceTree = "<group>";
		};
		5349260C1C86E29E0077A8A6 /* Extension */ = {
			isa = PBXGroup;
			children = (
				534926101C86E29E0077A8A6 /* UITableView+Extension.swift */,
			);
			path = Extension;
			sourceTree = "<group>";
		};
		534926111C86E29E0077A8A6 /* UITableView+FINAutomaticHeightCell */ = {
			isa = PBXGroup;
			children = (
				534926121C86E29E0077A8A6 /* UITableView+FINAutomaticHeightCell.swift */,
			);
			path = "UITableView+FINAutomaticHeightCell";
			sourceTree = "<group>";
		};
		53917E431C89619C002200C1 /* Libs */ = {
			isa = PBXGroup;
			children = (
				530D95521C8D7F91005342BF /* DGElasticPullToRefresh */,
				53917E591C897B85002200C1 /* UUChart */,
			);
			path = Libs;
			sourceTree = "<group>";
		};
		53917E591C897B85002200C1 /* UUChart */ = {
			isa = PBXGroup;
			children = (
				53917E5A1C897B85002200C1 /* UUBar.h */,
				53917E5B1C897B85002200C1 /* UUBar.m */,
				53917E5C1C897B85002200C1 /* UUBarChart.h */,
				53917E5D1C897B85002200C1 /* UUBarChart.m */,
				53917E5E1C897B85002200C1 /* UUChart.h */,
				53917E5F1C897B85002200C1 /* UUChart.m */,
				53917E601C897B85002200C1 /* UUChartConst.h */,
				53917E611C897B85002200C1 /* UUChartConst.m */,
				53917E621C897B85002200C1 /* UUChartLabel.h */,
				53917E631C897B85002200C1 /* UUChartLabel.m */,
				53917E641C897B85002200C1 /* UULineChart.h */,
				53917E651C897B85002200C1 /* UULineChart.m */,
			);
			path = UUChart;
			sourceTree = "<group>";
		};
		C74482A3D9F72EF11F6AE50E /* Frameworks */ = {
			isa = PBXGroup;
			children = (
				B006B6B36DBE9A7F413E4AE0 /* Pods_Convenient_Swift.framework */,
			);
			name = Frameworks;
			sourceTree = "<group>";
		};
		DB78D67925F9E0A07F6190E2 /* Pods */ = {
			isa = PBXGroup;
			children = (
				F97BD5A7DBB8DEF42CFF8E5D /* Pods-Convenient-Swift.debug.xcconfig */,
				5687926651BA603ADEE9E172 /* Pods-Convenient-Swift.release.xcconfig */,
			);
			name = Pods;
			sourceTree = "<group>";
		};
/* End PBXGroup section */

/* Begin PBXNativeTarget section */
		531C23EB1C8599420009E0E6 /* Convenient-Swift */ = {
			isa = PBXNativeTarget;
			buildConfigurationList = 531C24141C8599420009E0E6 /* Build configuration list for PBXNativeTarget "Convenient-Swift" */;
			buildPhases = (
				5906CFA71E12F550FE20C6BD /* Check Pods Manifest.lock */,
				531C23E81C8599420009E0E6 /* Sources */,
				531C23E91C8599420009E0E6 /* Frameworks */,
				531C23EA1C8599420009E0E6 /* Resources */,
				815989E6BC53C4DB4B4E3839 /* Embed Pods Frameworks */,
				C89EEEF8A964BDB057275562 /* Copy Pods Resources */,
			);
			buildRules = (
			);
			dependencies = (
			);
			name = "Convenient-Swift";
			productName = "Convenient-Swift";
			productReference = 531C23EC1C8599420009E0E6 /* Convenient-Swift.app */;
			productType = "com.apple.product-type.application";
		};
/* End PBXNativeTarget section */

/* Begin PBXProject section */
		531C23E41C8599420009E0E6 /* Project object */ = {
			isa = PBXProject;
			attributes = {
				LastSwiftUpdateCheck = 0720;
				LastUpgradeCheck = 0720;
				ORGANIZATIONNAME = xuzhou;
				TargetAttributes = {
					531C23EB1C8599420009E0E6 = {
						CreatedOnToolsVersion = 7.2;
					};
				};
			};
			buildConfigurationList = 531C23E71C8599420009E0E6 /* Build configuration list for PBXProject "Convenient-Swift" */;
			compatibilityVersion = "Xcode 3.2";
			developmentRegion = English;
			hasScannedForEncodings = 0;
			knownRegions = (
				en,
				Base,
			);
			mainGroup = 531C23E31C8599420009E0E6;
			productRefGroup = 531C23ED1C8599420009E0E6 /* Products */;
			projectDirPath = "";
			projectRoot = "";
			targets = (
				531C23EB1C8599420009E0E6 /* Convenient-Swift */,
			);
		};
/* End PBXProject section */

/* Begin PBXResourcesBuildPhase section */
		531C23EA1C8599420009E0E6 /* Resources */ = {
			isa = PBXResourcesBuildPhase;
			buildActionMask = 2147483647;
			files = (
				531BA04A1C8E7AA60019FFA9 /* 优_彩色@2x.png in Resources */,
				530D95331C8D6B64005342BF /* w27.png in Resources */,
				530D952F1C8D6B64005342BF /* w23.png in Resources */,
				531BA0471C8E7AA60019FFA9 /* 良_彩色@3x.png in Resources */,
				530D953A1C8D6B64005342BF /* w33.png in Resources */,
				530D952A1C8D6B64005342BF /* w19.png in Resources */,
				530D95321C8D6B64005342BF /* w26.png in Resources */,
				530D95081C8D6B64005342BF /* cm_weathericon_29@3x.png in Resources */,
				530D94F91C8D6B64005342BF /* cm_weathericon_22@2x.png in Resources */,
				531BA0461C8E7AA60019FFA9 /* 良_彩色@2x.png in Resources */,
				530D94E41C8D6B64005342BF /* cm_weathericon_12@3x.png in Resources */,
				530D951E1C8D6B64005342BF /* cm_weathericon_9@3x.png in Resources */,
				530D950B1C8D6B64005342BF /* cm_weathericon_30@2x.png in Resources */,
				530D94E21C8D6B64005342BF /* cm_weathericon_11@3x.png in Resources */,
				530D95341C8D6B64005342BF /* w28.png in Resources */,
				531BA04F1C8E7AA60019FFA9 /* 重_彩色@3x.png in Resources */,
				530D94E91C8D6B64005342BF /* cm_weathericon_15@2x.png in Resources */,
				530D95411C8D6B64005342BF /* w5.png in Resources */,
				530D95161C8D6B64005342BF /* cm_weathericon_5@3x.png in Resources */,
				530D94F21C8D6B64005342BF /* cm_weathericon_19@3x.png in Resources */,
				530D953E1C8D6B64005342BF /* w37.png in Resources */,
				530D951D1C8D6B64005342BF /* cm_weathericon_9@2x.png in Resources */,
				530D95231C8D6B64005342BF /* w12.png in Resources */,
				530D951C1C8D6B64005342BF /* cm_weathericon_8@3x.png in Resources */,
				530D94E61C8D6B64005342BF /* cm_weathericon_13@3x.png in Resources */,
				531C23FA1C8599420009E0E6 /* LaunchScreen.storyboard in Resources */,
				530D952E1C8D6B64005342BF /* w22.png in Resources */,
				530D94F51C8D6B64005342BF /* cm_weathericon_20@2x.png in Resources */,
				530D94EF1C8D6B64005342BF /* cm_weathericon_18@2x.png in Resources */,
				530D94F11C8D6B64005342BF /* cm_weathericon_19@2x.png in Resources */,
				530D94EC1C8D6B64005342BF /* cm_weathericon_16@3x.png in Resources */,
				530D94DF1C8D6B64005342BF /* cm_weathericon_10@2x.png in Resources */,
				530D952C1C8D6B64005342BF /* w20.png in Resources */,
				531BA04D1C8E7AA60019FFA9 /* 中_彩色@3x.png in Resources */,
				530D95211C8D6B64005342BF /* w10.png in Resources */,
				530D94FE1C8D6B64005342BF /* cm_weathericon_24@3x.png in Resources */,
				530D95351C8D6B64005342BF /* w29.png in Resources */,
				530D950E1C8D6B64005342BF /* cm_weathericon_31@3x.png in Resources */,
				530D952D1C8D6B64005342BF /* w21.png in Resources */,
				530D94F71C8D6B64005342BF /* cm_weathericon_21@2x.png in Resources */,
				530D95221C8D6B64005342BF /* w11.png in Resources */,
				530D95361C8D6B64005342BF /* w3.png in Resources */,
				530D95191C8D6B64005342BF /* cm_weathericon_7@2x.png in Resources */,
				530D95301C8D6B64005342BF /* w24.png in Resources */,
				530D94F61C8D6B64005342BF /* cm_weathericon_20@3x.png in Resources */,
				530D95291C8D6B64005342BF /* w18.png in Resources */,
				530D94FF1C8D6B64005342BF /* cm_weathericon_25@2x.png in Resources */,
				530D94E51C8D6B64005342BF /* cm_weathericon_13@2x.png in Resources */,
				530D95151C8D6B64005342BF /* cm_weathericon_5@2x.png in Resources */,
				530D94EA1C8D6B64005342BF /* cm_weathericon_15@3x.png in Resources */,
				530D95121C8D6B64005342BF /* cm_weathericon_3@3x.png in Resources */,
				530D953B1C8D6B64005342BF /* w34.png in Resources */,
				530D94FC1C8D6B64005342BF /* cm_weathericon_23@3x.png in Resources */,
				530D95261C8D6B64005342BF /* w15.png in Resources */,
				530D95311C8D6B64005342BF /* w25.png in Resources */,
				530D95171C8D6B64005342BF /* cm_weathericon_6@2x.png in Resources */,
				530D95111C8D6B64005342BF /* cm_weathericon_3@2x.png in Resources */,
				531BA04C1C8E7AA60019FFA9 /* 中_彩色@2x.png in Resources */,
				530D94E31C8D6B64005342BF /* cm_weathericon_12@2x.png in Resources */,
				530D952B1C8D6B64005342BF /* w2.png in Resources */,
				530D95041C8D6B64005342BF /* cm_weathericon_27@3x.png in Resources */,
				530D953F1C8D6B64005342BF /* w38.png in Resources */,
				530D95011C8D6B64005342BF /* cm_weathericon_26@2x.png in Resources */,
				530D94EB1C8D6B64005342BF /* cm_weathericon_16@2x.png in Resources */,
				531BA04E1C8E7AA60019FFA9 /* 重_彩色@2x.png in Resources */,
				530D95071C8D6B64005342BF /* cm_weathericon_29@2x.png in Resources */,
				531BA0481C8E7AA60019FFA9 /* 轻_彩色@2x.png in Resources */,
				530D95391C8D6B64005342BF /* w32.png in Resources */,
				530D95421C8D6B64005342BF /* w6.png in Resources */,
				530D94EE1C8D6B64005342BF /* cm_weathericon_17@3x.png in Resources */,
				530D950F1C8D6B64005342BF /* cm_weathericon_33@2x.png in Resources */,
				531C23F71C8599420009E0E6 /* Assets.xcassets in Resources */,
				530D94F41C8D6B64005342BF /* cm_weathericon_1@3x.png in Resources */,
				530D95051C8D6B64005342BF /* cm_weathericon_28@2x.png in Resources */,
				530D95091C8D6B64005342BF /* cm_weathericon_2@2x.png in Resources */,
				530D95031C8D6B64005342BF /* cm_weathericon_27@2x.png in Resources */,
				530D95251C8D6B64005342BF /* w14.png in Resources */,
				530D95451C8D6B64005342BF /* w9.png in Resources */,
				530D95281C8D6B64005342BF /* w17.png in Resources */,
				530D94ED1C8D6B64005342BF /* cm_weathericon_17@2x.png in Resources */,
				530D95371C8D6B64005342BF /* w30.png in Resources */,
				531BA0491C8E7AA60019FFA9 /* 轻_彩色@3x.png in Resources */,
				530D95131C8D6B64005342BF /* cm_weathericon_4@2x.png in Resources */,
				530D94F01C8D6B64005342BF /* cm_weathericon_18@3x.png in Resources */,
				530D95181C8D6B64005342BF /* cm_weathericon_6@3x.png in Resources */,
				530D94E81C8D6B64005342BF /* cm_weathericon_14@3x.png in Resources */,
				530D95241C8D6B64005342BF /* w13.png in Resources */,
				530D95001C8D6B64005342BF /* cm_weathericon_25@3x.png in Resources */,
				530D95461C8D6B64005342BF /* w99.png in Resources */,
				531C23F51C8599420009E0E6 /* Main.storyboard in Resources */,
				530D951F1C8D6B64005342BF /* w0.png in Resources */,
				530D94DE1C8D6B64005342BF /* cm_weathericon_0@3x.png in Resources */,
				530D94DD1C8D6B64005342BF /* cm_weathericon_0@2x.png in Resources */,
				530D94FA1C8D6B64005342BF /* cm_weathericon_22@3x.png in Resources */,
				530D95141C8D6B64005342BF /* cm_weathericon_4@3x.png in Resources */,
				530D95101C8D6B64005342BF /* cm_weathericon_33@3x.png in Resources */,
				530D95431C8D6B64005342BF /* w7.png in Resources */,
				530D953C1C8D6B64005342BF /* w35.png in Resources */,
				530D95061C8D6B64005342BF /* cm_weathericon_28@3x.png in Resources */,
				530D951B1C8D6B64005342BF /* cm_weathericon_8@2x.png in Resources */,
				530D95401C8D6B64005342BF /* w4.png in Resources */,
				530D94F31C8D6B64005342BF /* cm_weathericon_1@2x.png in Resources */,
				530D95201C8D6B64005342BF /* w1.png in Resources */,
				530D94E11C8D6B64005342BF /* cm_weathericon_11@2x.png in Resources */,
				530D94E01C8D6B64005342BF /* cm_weathericon_10@3x.png in Resources */,
				530D95441C8D6B64005342BF /* w8.png in Resources */,
				531BA04B1C8E7AA60019FFA9 /* 优_彩色@3x.png in Resources */,
				530D95021C8D6B64005342BF /* cm_weathericon_26@3x.png in Resources */,
				530D94F81C8D6B64005342BF /* cm_weathericon_21@3x.png in Resources */,
				530D950C1C8D6B64005342BF /* cm_weathericon_30@3x.png in Resources */,
				530D94E71C8D6B64005342BF /* cm_weathericon_14@2x.png in Resources */,
				530D95271C8D6B64005342BF /* w16.png in Resources */,
				530D950D1C8D6B64005342BF /* cm_weathericon_31@2x.png in Resources */,
				530D953D1C8D6B64005342BF /* w36.png in Resources */,
				530D951A1C8D6B64005342BF /* cm_weathericon_7@3x.png in Resources */,
				530D94FD1C8D6B64005342BF /* cm_weathericon_24@2x.png in Resources */,
				530D950A1C8D6B64005342BF /* cm_weathericon_2@3x.png in Resources */,
				530D94FB1C8D6B64005342BF /* cm_weathericon_23@2x.png in Resources */,
				530D95381C8D6B64005342BF /* w31.png in Resources */,
			);
			runOnlyForDeploymentPostprocessing = 0;
		};
/* End PBXResourcesBuildPhase section */

/* Begin PBXShellScriptBuildPhase section */
		5906CFA71E12F550FE20C6BD /* Check Pods Manifest.lock */ = {
			isa = PBXShellScriptBuildPhase;
			buildActionMask = 2147483647;
			files = (
			);
			inputPaths = (
			);
			name = "Check Pods Manifest.lock";
			outputPaths = (
			);
			runOnlyForDeploymentPostprocessing = 0;
			shellPath = /bin/sh;
			shellScript = "diff \"${PODS_ROOT}/../Podfile.lock\" \"${PODS_ROOT}/Manifest.lock\" > /dev/null\nif [[ $? != 0 ]] ; then\n    cat << EOM\nerror: The sandbox is not in sync with the Podfile.lock. Run 'pod install' or update your CocoaPods installation.\nEOM\n    exit 1\nfi\n";
			showEnvVarsInLog = 0;
		};
		815989E6BC53C4DB4B4E3839 /* Embed Pods Frameworks */ = {
			isa = PBXShellScriptBuildPhase;
			buildActionMask = 2147483647;
			files = (
			);
			inputPaths = (
			);
			name = "Embed Pods Frameworks";
			outputPaths = (
			);
			runOnlyForDeploymentPostprocessing = 0;
			shellPath = /bin/sh;
			shellScript = "\"${SRCROOT}/Pods/Target Support Files/Pods-Convenient-Swift/Pods-Convenient-Swift-frameworks.sh\"\n";
			showEnvVarsInLog = 0;
		};
		C89EEEF8A964BDB057275562 /* Copy Pods Resources */ = {
			isa = PBXShellScriptBuildPhase;
			buildActionMask = 2147483647;
			files = (
			);
			inputPaths = (
			);
			name = "Copy Pods Resources";
			outputPaths = (
			);
			runOnlyForDeploymentPostprocessing = 0;
			shellPath = /bin/sh;
			shellScript = "\"${SRCROOT}/Pods/Target Support Files/Pods-Convenient-Swift/Pods-Convenient-Swift-resources.sh\"\n";
			showEnvVarsInLog = 0;
		};
/* End PBXShellScriptBuildPhase section */

/* Begin PBXSourcesBuildPhase section */
		531C23E81C8599420009E0E6 /* Sources */ = {
			isa = PBXSourcesBuildPhase;
			buildActionMask = 2147483647;
			files = (
				531C23F21C8599420009E0E6 /* ViewController.swift in Sources */,
				53917E681C897B85002200C1 /* UUChart.m in Sources */,
				531C24241C86BAD10009E0E6 /* XZSwiftColor.swift in Sources */,
				53917E6A1C897B85002200C1 /* UUChartLabel.m in Sources */,
				530D95591C8D7F91005342BF /* DGElasticPullToRefreshExtensions.swift in Sources */,
				530D955C1C8D7F91005342BF /* DGElasticPullToRefreshView.swift in Sources */,
				530D946B1C8D3308005342BF /* BaseJsonModel.swift in Sources */,
				53917E711C89811D002200C1 /* WeatherModel.swift in Sources */,
				531C24221C869BB90009E0E6 /* XZSwiftNavigationController.swift in Sources */,
				534926171C86E29E0077A8A6 /* UITableView+FINAutomaticHeightCell.swift in Sources */,
				531C23F01C8599420009E0E6 /* AppDelegate.swift in Sources */,
				534926191C86E3A80077A8A6 /* HomeViewController.swift in Sources */,
				53917E661C897B85002200C1 /* UUBar.m in Sources */,
				53917E691C897B85002200C1 /* UUChartConst.m in Sources */,
				53917E6B1C897B85002200C1 /* UULineChart.m in Sources */,
				530D955B1C8D7F91005342BF /* DGElasticPullToRefreshLoadingViewCircle.swift in Sources */,
				530D955A1C8D7F91005342BF /* DGElasticPullToRefreshLoadingView.swift in Sources */,
				53FBB90F1C880F990076C002 /* WeatherTabeleViewCell.swift in Sources */,
				53917E671C897B85002200C1 /* UUBarChart.m in Sources */,
				534926161C86E29E0077A8A6 /* UITableView+Extension.swift in Sources */,
				530D95581C8D7F91005342BF /* DGElasticPullToRefreshConstants.swift in Sources */,
			);
			runOnlyForDeploymentPostprocessing = 0;
		};
/* End PBXSourcesBuildPhase section */

/* Begin PBXVariantGroup section */
		531C23F31C8599420009E0E6 /* Main.storyboard */ = {
			isa = PBXVariantGroup;
			children = (
				531C23F41C8599420009E0E6 /* Base */,
			);
			name = Main.storyboard;
			sourceTree = "<group>";
		};
		531C23F81C8599420009E0E6 /* LaunchScreen.storyboard */ = {
			isa = PBXVariantGroup;
			children = (
				531C23F91C8599420009E0E6 /* Base */,
			);
			name = LaunchScreen.storyboard;
			sourceTree = "<group>";
		};
/* End PBXVariantGroup section */

/* Begin XCBuildConfiguration section */
		531C24121C8599420009E0E6 /* Debug */ = {
			isa = XCBuildConfiguration;
			buildSettings = {
				ALWAYS_SEARCH_USER_PATHS = NO;
				CLANG_CXX_LANGUAGE_STANDARD = "gnu++0x";
				CLANG_CXX_LIBRARY = "libc++";
				CLANG_ENABLE_MODULES = YES;
				CLANG_ENABLE_OBJC_ARC = YES;
				CLANG_WARN_BOOL_CONVERSION = YES;
				CLANG_WARN_CONSTANT_CONVERSION = YES;
				CLANG_WARN_DIRECT_OBJC_ISA_USAGE = YES_ERROR;
				CLANG_WARN_EMPTY_BODY = YES;
				CLANG_WARN_ENUM_CONVERSION = YES;
				CLANG_WARN_INT_CONVERSION = YES;
				CLANG_WARN_OBJC_ROOT_CLASS = YES_ERROR;
				CLANG_WARN_UNREACHABLE_CODE = YES;
				CLANG_WARN__DUPLICATE_METHOD_MATCH = YES;
				"CODE_SIGN_IDENTITY[sdk=iphoneos*]" = "iPhone Developer";
				COPY_PHASE_STRIP = NO;
				DEBUG_INFORMATION_FORMAT = dwarf;
				ENABLE_STRICT_OBJC_MSGSEND = YES;
				ENABLE_TESTABILITY = YES;
				GCC_C_LANGUAGE_STANDARD = gnu99;
				GCC_DYNAMIC_NO_PIC = NO;
				GCC_NO_COMMON_BLOCKS = YES;
				GCC_OPTIMIZATION_LEVEL = 0;
				GCC_PREPROCESSOR_DEFINITIONS = (
					"DEBUG=1",
					"$(inherited)",
				);
				GCC_WARN_64_TO_32_BIT_CONVERSION = YES;
				GCC_WARN_ABOUT_RETURN_TYPE = YES_ERROR;
				GCC_WARN_UNDECLARED_SELECTOR = YES;
				GCC_WARN_UNINITIALIZED_AUTOS = YES_AGGRESSIVE;
				GCC_WARN_UNUSED_FUNCTION = YES;
				GCC_WARN_UNUSED_VARIABLE = YES;
				IPHONEOS_DEPLOYMENT_TARGET = 9.2;
				MTL_ENABLE_DEBUG_INFO = YES;
				ONLY_ACTIVE_ARCH = YES;
				SDKROOT = iphoneos;
				SWIFT_OPTIMIZATION_LEVEL = "-Onone";
			};
			name = Debug;
		};
		531C24131C8599420009E0E6 /* Release */ = {
			isa = XCBuildConfiguration;
			buildSettings = {
				ALWAYS_SEARCH_USER_PATHS = NO;
				CLANG_CXX_LANGUAGE_STANDARD = "gnu++0x";
				CLANG_CXX_LIBRARY = "libc++";
				CLANG_ENABLE_MODULES = YES;
				CLANG_ENABLE_OBJC_ARC = YES;
				CLANG_WARN_BOOL_CONVERSION = YES;
				CLANG_WARN_CONSTANT_CONVERSION = YES;
				CLANG_WARN_DIRECT_OBJC_ISA_USAGE = YES_ERROR;
				CLANG_WARN_EMPTY_BODY = YES;
				CLANG_WARN_ENUM_CONVERSION = YES;
				CLANG_WARN_INT_CONVERSION = YES;
				CLANG_WARN_OBJC_ROOT_CLASS = YES_ERROR;
				CLANG_WARN_UNREACHABLE_CODE = YES;
				CLANG_WARN__DUPLICATE_METHOD_MATCH = YES;
				"CODE_SIGN_IDENTITY[sdk=iphoneos*]" = "iPhone Developer";
				COPY_PHASE_STRIP = NO;
				DEBUG_INFORMATION_FORMAT = "dwarf-with-dsym";
				ENABLE_NS_ASSERTIONS = NO;
				ENABLE_STRICT_OBJC_MSGSEND = YES;
				GCC_C_LANGUAGE_STANDARD = gnu99;
				GCC_NO_COMMON_BLOCKS = YES;
				GCC_WARN_64_TO_32_BIT_CONVERSION = YES;
				GCC_WARN_ABOUT_RETURN_TYPE = YES_ERROR;
				GCC_WARN_UNDECLARED_SELECTOR = YES;
				GCC_WARN_UNINITIALIZED_AUTOS = YES_AGGRESSIVE;
				GCC_WARN_UNUSED_FUNCTION = YES;
				GCC_WARN_UNUSED_VARIABLE = YES;
				IPHONEOS_DEPLOYMENT_TARGET = 9.2;
				MTL_ENABLE_DEBUG_INFO = NO;
				SDKROOT = iphoneos;
				VALIDATE_PRODUCT = YES;
			};
			name = Release;
		};
		531C24151C8599420009E0E6 /* Debug */ = {
			isa = XCBuildConfiguration;
			baseConfigurationReference = F97BD5A7DBB8DEF42CFF8E5D /* Pods-Convenient-Swift.debug.xcconfig */;
			buildSettings = {
				ASSETCATALOG_COMPILER_APPICON_NAME = AppIcon;
				CODE_SIGN_IDENTITY = "iPhone Developer: Feng Huang (LB7HG8QNCY)";
				INFOPLIST_FILE = "Convenient-Swift/Info.plist";
				LD_RUNPATH_SEARCH_PATHS = "$(inherited) @executable_path/Frameworks";
				PRODUCT_BUNDLE_IDENTIFIER = "Convenient.Convenient-Swift";
				PRODUCT_NAME = "$(TARGET_NAME)";
				PROVISIONING_PROFILE = "a8877e14-e39b-4ce0-86bd-4c249da5040e";
				SWIFT_OBJC_BRIDGING_HEADER = "Convenient-Swift/Convenient-Header.h";
			};
			name = Debug;
		};
		531C24161C8599420009E0E6 /* Release */ = {
			isa = XCBuildConfiguration;
			baseConfigurationReference = 5687926651BA603ADEE9E172 /* Pods-Convenient-Swift.release.xcconfig */;
			buildSettings = {
				ASSETCATALOG_COMPILER_APPICON_NAME = AppIcon;
				CODE_SIGN_IDENTITY = "iPhone Developer: Feng Huang (LB7HG8QNCY)";
				INFOPLIST_FILE = "Convenient-Swift/Info.plist";
				LD_RUNPATH_SEARCH_PATHS = "$(inherited) @executable_path/Frameworks";
				PRODUCT_BUNDLE_IDENTIFIER = "Convenient.Convenient-Swift";
				PRODUCT_NAME = "$(TARGET_NAME)";
				PROVISIONING_PROFILE = "a8877e14-e39b-4ce0-86bd-4c249da5040e";
				SWIFT_OBJC_BRIDGING_HEADER = "Convenient-Swift/Convenient-Header.h";
			};
			name = Release;
		};
/* End XCBuildConfiguration section */

/* Begin XCConfigurationList section */
		531C23E71C8599420009E0E6 /* Build configuration list for PBXProject "Convenient-Swift" */ = {
			isa = XCConfigurationList;
			buildConfigurations = (
				531C24121C8599420009E0E6 /* Debug */,
				531C24131C8599420009E0E6 /* Release */,
			);
			defaultConfigurationIsVisible = 0;
			defaultConfigurationName = Release;
		};
		531C24141C8599420009E0E6 /* Build configuration list for PBXNativeTarget "Convenient-Swift" */ = {
			isa = XCConfigurationList;
			buildConfigurations = (
				531C24151C8599420009E0E6 /* Debug */,
				531C24161C8599420009E0E6 /* Release */,
			);
			defaultConfigurationIsVisible = 0;
			defaultConfigurationName = Release;
		};
/* End XCConfigurationList section */
	};
	rootObject = 531C23E41C8599420009E0E6 /* Project object */;
}
