// !$*UTF8*$!
{
	archiveVersion = 1;
	classes = {
	};
	objectVersion = 46;
	objects = {

/* Begin PBXBuildFile section */
		03EA6B1EEFCED9E16BE532E7 /* Pods_Convenient_Swift.framework in Frameworks */ = {isa = PBXBuildFile; fileRef = B006B6B36DBE9A7F413E4AE0 /* Pods_Convenient_Swift.framework */; };
		530D946B1C8D3308005342BF /* BaseJsonModel.swift in Sources */ = {isa = PBXBuildFile; fileRef = 530D946A1C8D3308005342BF /* BaseJsonModel.swift */; };
		531C23F01C8599420009E0E6 /* AppDelegate.swift in Sources */ = {isa = PBXBuildFile; fileRef = 531C23EF1C8599420009E0E6 /* AppDelegate.swift */; };
		531C23F21C8599420009E0E6 /* ViewController.swift in Sources */ = {isa = PBXBuildFile; fileRef = 531C23F11C8599420009E0E6 /* ViewController.swift */; };
		531C23F51C8599420009E0E6 /* Main.storyboard in Resources */ = {isa = PBXBuildFile; fileRef = 531C23F31C8599420009E0E6 /* Main.storyboard */; };
		531C23F71C8599420009E0E6 /* Assets.xcassets in Resources */ = {isa = PBXBuildFile; fileRef = 531C23F61C8599420009E0E6 /* Assets.xcassets */; };
		531C23FA1C8599420009E0E6 /* LaunchScreen.storyboard in Resources */ = {isa = PBXBuildFile; fileRef = 531C23F81C8599420009E0E6 /* LaunchScreen.storyboard */; };
		531C24221C869BB90009E0E6 /* XZSwiftNavigationController.swift in Sources */ = {isa = PBXBuildFile; fileRef = 531C24211C869BB90009E0E6 /* XZSwiftNavigationController.swift */; };
		531C24241C86BAD10009E0E6 /* XZSwiftColor.swift in Sources */ = {isa = PBXBuildFile; fileRef = 531C24231C86BAD10009E0E6 /* XZSwiftColor.swift */; };
		534926161C86E29E0077A8A6 /* UITableView+Extension.swift in Sources */ = {isa = PBXBuildFile; fileRef = 534926101C86E29E0077A8A6 /* UITableView+Extension.swift */; };
		534926171C86E29E0077A8A6 /* UITableView+FINAutomaticHeightCell.swift in Sources */ = {isa = PBXBuildFile; fileRef = 534926121C86E29E0077A8A6 /* UITableView+FINAutomaticHeightCell.swift */; };
		534926191C86E3A80077A8A6 /* HomeViewController.swift in Sources */ = {isa = PBXBuildFile; fileRef = 534926181C86E3A80077A8A6 /* HomeViewController.swift */; };
		53917E661C897B85002200C1 /* UUBar.m in Sources */ = {isa = PBXBuildFile; fileRef = 53917E5B1C897B85002200C1 /* UUBar.m */; };
		53917E671C897B85002200C1 /* UUBarChart.m in Sources */ = {isa = PBXBuildFile; fileRef = 53917E5D1C897B85002200C1 /* UUBarChart.m */; };
		53917E681C897B85002200C1 /* UUChart.m in Sources */ = {isa = PBXBuildFile; fileRef = 53917E5F1C897B85002200C1 /* UUChart.m */; };
		53917E691C897B85002200C1 /* UUChartConst.m in Sources */ = {isa = PBXBuildFile; fileRef = 53917E611C897B85002200C1 /* UUChartConst.m */; };
		53917E6A1C897B85002200C1 /* UUChartLabel.m in Sources */ = {isa = PBXBuildFile; fileRef = 53917E631C897B85002200C1 /* UUChartLabel.m */; };
		53917E6B1C897B85002200C1 /* UULineChart.m in Sources */ = {isa = PBXBuildFile; fileRef = 53917E651C897B85002200C1 /* UULineChart.m */; };
		53917E711C89811D002200C1 /* WeatherModel.swift in Sources */ = {isa = PBXBuildFile; fileRef = 53917E701C89811D002200C1 /* WeatherModel.swift */; };
		53FBB90F1C880F990076C002 /* WeatherTabeleViewCell.swift in Sources */ = {isa = PBXBuildFile; fileRef = 53FBB90E1C880F990076C002 /* WeatherTabeleViewCell.swift */; };
/* End PBXBuildFile section */

/* Begin PBXFileReference section */
		530D946A1C8D3308005342BF /* BaseJsonModel.swift */ = {isa = PBXFileReference; fileEncoding = 4; lastKnownFileType = sourcecode.swift; path = BaseJsonModel.swift; sourceTree = "<group>"; };
		531C23EC1C8599420009E0E6 /* Convenient-Swift.app */ = {isa = PBXFileReference; explicitFileType = wrapper.application; includeInIndex = 0; path = "Convenient-Swift.app"; sourceTree = BUILT_PRODUCTS_DIR; };
		531C23EF1C8599420009E0E6 /* AppDelegate.swift */ = {isa = PBXFileReference; lastKnownFileType = sourcecode.swift; path = AppDelegate.swift; sourceTree = "<group>"; };
		531C23F11C8599420009E0E6 /* ViewController.swift */ = {isa = PBXFileReference; lastKnownFileType = sourcecode.swift; path = ViewController.swift; sourceTree = "<group>"; };
		531C23F41C8599420009E0E6 /* Base */ = {isa = PBXFileReference; lastKnownFileType = file.storyboard; name = Base; path = Base.lproj/Main.storyboard; sourceTree = "<group>"; };
		531C23F61C8599420009E0E6 /* Assets.xcassets */ = {isa = PBXFileReference; lastKnownFileType = folder.assetcatalog; path = Assets.xcassets; sourceTree = "<group>"; };
		531C23F91C8599420009E0E6 /* Base */ = {isa = PBXFileReference; lastKnownFileType = file.storyboard; name = Base; path = Base.lproj/LaunchScreen.storyboard; sourceTree = "<group>"; };
		531C23FB1C8599420009E0E6 /* Info.plist */ = {isa = PBXFileReference; lastKnownFileType = text.plist.xml; path = Info.plist; sourceTree = "<group>"; };
		531C24211C869BB90009E0E6 /* XZSwiftNavigationController.swift */ = {isa = PBXFileReference; fileEncoding = 4; lastKnownFileType = sourcecode.swift; path = XZSwiftNavigationController.swift; sourceTree = "<group>"; };
		531C24231C86BAD10009E0E6 /* XZSwiftColor.swift */ = {isa = PBXFileReference; fileEncoding = 4; lastKnownFileType = sourcecode.swift; path = XZSwiftColor.swift; sourceTree = "<group>"; };
		534926101C86E29E0077A8A6 /* UITableView+Extension.swift */ = {isa = PBXFileReference; fileEncoding = 4; lastKnownFileType = sourcecode.swift; path = "UITableView+Extension.swift"; sourceTree = "<group>"; };
		534926121C86E29E0077A8A6 /* UITableView+FINAutomaticHeightCell.swift */ = {isa = PBXFileReference; fileEncoding = 4; lastKnownFileType = sourcecode.swift; path = "UITableView+FINAutomaticHeightCell.swift"; sourceTree = "<group>"; };
		534926181C86E3A80077A8A6 /* HomeViewController.swift */ = {isa = PBXFileReference; fileEncoding = 4; lastKnownFileType = sourcecode.swift; name = HomeViewController.swift; path = "../Convenient-Swift/HomeViewController.swift"; sourceTree = "<group>"; };
		53917E581C896371002200C1 /* Convenient-Header.h */ = {isa = PBXFileReference; lastKnownFileType = sourcecode.c.h; path = "Convenient-Header.h"; sourceTree = "<group>"; };
		53917E5A1C897B85002200C1 /* UUBar.h */ = {isa = PBXFileReference; fileEncoding = 4; lastKnownFileType = sourcecode.c.h; path = UUBar.h; sourceTree = "<group>"; };
		53917E5B1C897B85002200C1 /* UUBar.m */ = {isa = PBXFileReference; fileEncoding = 4; lastKnownFileType = sourcecode.c.objc; path = UUBar.m; sourceTree = "<group>"; };
		53917E5C1C897B85002200C1 /* UUBarChart.h */ = {isa = PBXFileReference; fileEncoding = 4; lastKnownFileType = sourcecode.c.h; path = UUBarChart.h; sourceTree = "<group>"; };
		53917E5D1C897B85002200C1 /* UUBarChart.m */ = {isa = PBXFileReference; fileEncoding = 4; lastKnownFileType = sourcecode.c.objc; path = UUBarChart.m; sourceTree = "<group>"; };
		53917E5E1C897B85002200C1 /* UUChart.h */ = {isa = PBXFileReference; fileEncoding = 4; lastKnownFileType = sourcecode.c.h; path = UUChart.h; sourceTree = "<group>"; };
		53917E5F1C897B85002200C1 /* UUChart.m */ = {isa = PBXFileReference; fileEncoding = 4; lastKnownFileType = sourcecode.c.objc; path = UUChart.m; sourceTree = "<group>"; };
		53917E601C897B85002200C1 /* UUChartConst.h */ = {isa = PBXFileReference; fileEncoding = 4; lastKnownFileType = sourcecode.c.h; path = UUChartConst.h; sourceTree = "<group>"; };
		53917E611C897B85002200C1 /* UUChartConst.m */ = {isa = PBXFileReference; fileEncoding = 4; lastKnownFileType = sourcecode.c.objc; path = UUChartConst.m; sourceTree = "<group>"; };
		53917E621C897B85002200C1 /* UUChartLabel.h */ = {isa = PBXFileReference; fileEncoding = 4; lastKnownFileType = sourcecode.c.h; path = UUChartLabel.h; sourceTree = "<group>"; };
		53917E631C897B85002200C1 /* UUChartLabel.m */ = {isa = PBXFileReference; fileEncoding = 4; lastKnownFileType = sourcecode.c.objc; path = UUChartLabel.m; sourceTree = "<group>"; };
		53917E641C897B85002200C1 /* UULineChart.h */ = {isa = PBXFileReference; fileEncoding = 4; lastKnownFileType = sourcecode.c.h; path = UULineChart.h; sourceTree = "<group>"; };
		53917E651C897B85002200C1 /* UULineChart.m */ = {isa = PBXFileReference; fileEncoding = 4; lastKnownFileType = sourcecode.c.objc; path = UULineChart.m; sourceTree = "<group>"; };
		53917E701C89811D002200C1 /* WeatherModel.swift */ = {isa = PBXFileReference; fileEncoding = 4; lastKnownFileType = sourcecode.swift; path = WeatherModel.swift; sourceTree = "<group>"; };
		53FBB90E1C880F990076C002 /* WeatherTabeleViewCell.swift */ = {isa = PBXFileReference; fileEncoding = 4; lastKnownFileType = sourcecode.swift; path = WeatherTabeleViewCell.swift; sourceTree = "<group>"; };
		5687926651BA603ADEE9E172 /* Pods-Convenient-Swift.release.xcconfig */ = {isa = PBXFileReference; includeInIndex = 1; lastKnownFileType = text.xcconfig; name = "Pods-Convenient-Swift.release.xcconfig"; path = "Pods/Target Support Files/Pods-Convenient-Swift/Pods-Convenient-Swift.release.xcconfig"; sourceTree = "<group>"; };
		B006B6B36DBE9A7F413E4AE0 /* Pods_Convenient_Swift.framework */ = {isa = PBXFileReference; explicitFileType = wrapper.framework; includeInIndex = 0; path = Pods_Convenient_Swift.framework; sourceTree = BUILT_PRODUCTS_DIR; };
		F97BD5A7DBB8DEF42CFF8E5D /* Pods-Convenient-Swift.debug.xcconfig */ = {isa = PBXFileReference; includeInIndex = 1; lastKnownFileType = text.xcconfig; name = "Pods-Convenient-Swift.debug.xcconfig"; path = "Pods/Target Support Files/Pods-Convenient-Swift/Pods-Convenient-Swift.debug.xcconfig"; sourceTree = "<group>"; };
/* End PBXFileReference section */

/* Begin PBXFrameworksBuildPhase section */
		531C23E91C8599420009E0E6 /* Frameworks */ = {
			isa = PBXFrameworksBuildPhase;
			buildActionMask = 2147483647;
			files = (
				03EA6B1EEFCED9E16BE532E7 /* Pods_Convenient_Swift.framework in Frameworks */,
			);
			runOnlyForDeploymentPostprocessing = 0;
		};
/* End PBXFrameworksBuildPhase section */

/* Begin PBXGroup section */
		531C23E31C8599420009E0E6 = {
			isa = PBXGroup;
			children = (
				531C23EE1C8599420009E0E6 /* Convenient-Swift */,
				53917E431C89619C002200C1 /* Libs */,
				531C241D1C8697AF0009E0E6 /* Common */,
				531C241E1C8697AF0009E0E6 /* Controller */,
				531C241F1C8697AF0009E0E6 /* Model */,
				531C24201C8697AF0009E0E6 /* View */,
				531C23ED1C8599420009E0E6 /* Products */,
				DB78D67925F9E0A07F6190E2 /* Pods */,
				C74482A3D9F72EF11F6AE50E /* Frameworks */,
			);
			sourceTree = "<group>";
		};
		531C23ED1C8599420009E0E6 /* Products */ = {
			isa = PBXGroup;
			children = (
				531C23EC1C8599420009E0E6 /* Convenient-Swift.app */,
			);
			name = Products;
			sourceTree = "<group>";
		};
		531C23EE1C8599420009E0E6 /* Convenient-Swift */ = {
			isa = PBXGroup;
			children = (
				531C23EF1C8599420009E0E6 /* AppDelegate.swift */,
				531C23F11C8599420009E0E6 /* ViewController.swift */,
				53917E581C896371002200C1 /* Convenient-Header.h */,
				531C23F31C8599420009E0E6 /* Main.storyboard */,
				531C23F61C8599420009E0E6 /* Assets.xcassets */,
				531C23F81C8599420009E0E6 /* LaunchScreen.storyboard */,
				531C23FB1C8599420009E0E6 /* Info.plist */,
			);
			path = "Convenient-Swift";
			sourceTree = "<group>";
		};
		531C241D1C8697AF0009E0E6 /* Common */ = {
			isa = PBXGroup;
			children = (
				5349260C1C86E29E0077A8A6 /* Extension */,
				534926111C86E29E0077A8A6 /* UITableView+FINAutomaticHeightCell */,
				531C24211C869BB90009E0E6 /* XZSwiftNavigationController.swift */,
				531C24231C86BAD10009E0E6 /* XZSwiftColor.swift */,
			);
			path = Common;
			sourceTree = "<group>";
		};
		531C241E1C8697AF0009E0E6 /* Controller */ = {
			isa = PBXGroup;
			children = (
				534926181C86E3A80077A8A6 /* HomeViewController.swift */,
			);
			path = Controller;
			sourceTree = "<group>";
		};
		531C241F1C8697AF0009E0E6 /* Model */ = {
			isa = PBXGroup;
			children = (
				53917E701C89811D002200C1 /* WeatherModel.swift */,
				530D946A1C8D3308005342BF /* BaseJsonModel.swift */,
			);
			path = Model;
			sourceTree = "<group>";
		};
		531C24201C8697AF0009E0E6 /* View */ = {
			isa = PBXGroup;
			children = (
				53FBB90E1C880F990076C002 /* WeatherTabeleViewCell.swift */,
			);
			path = View;
			sourceTree = "<group>";
		};
		5349260C1C86E29E0077A8A6 /* Extension */ = {
			isa = PBXGroup;
			children = (
				534926101C86E29E0077A8A6 /* UITableView+Extension.swift */,
			);
			path = Extension;
			sourceTree = "<group>";
		};
		534926111C86E29E0077A8A6 /* UITableView+FINAutomaticHeightCell */ = {
			isa = PBXGroup;
			children = (
				534926121C86E29E0077A8A6 /* UITableView+FINAutomaticHeightCell.swift */,
			);
			path = "UITableView+FINAutomaticHeightCell";
			sourceTree = "<group>";
		};
		53917E431C89619C002200C1 /* Libs */ = {
			isa = PBXGroup;
			children = (
				53917E591C897B85002200C1 /* UUChart */,
			);
			path = Libs;
			sourceTree = "<group>";
		};
		53917E591C897B85002200C1 /* UUChart */ = {
			isa = PBXGroup;
			children = (
				53917E5A1C897B85002200C1 /* UUBar.h */,
				53917E5B1C897B85002200C1 /* UUBar.m */,
				53917E5C1C897B85002200C1 /* UUBarChart.h */,
				53917E5D1C897B85002200C1 /* UUBarChart.m */,
				53917E5E1C897B85002200C1 /* UUChart.h */,
				53917E5F1C897B85002200C1 /* UUChart.m */,
				53917E601C897B85002200C1 /* UUChartConst.h */,
				53917E611C897B85002200C1 /* UUChartConst.m */,
				53917E621C897B85002200C1 /* UUChartLabel.h */,
				53917E631C897B85002200C1 /* UUChartLabel.m */,
				53917E641C897B85002200C1 /* UULineChart.h */,
				53917E651C897B85002200C1 /* UULineChart.m */,
			);
			path = UUChart;
			sourceTree = "<group>";
		};
		C74482A3D9F72EF11F6AE50E /* Frameworks */ = {
			isa = PBXGroup;
			children = (
				B006B6B36DBE9A7F413E4AE0 /* Pods_Convenient_Swift.framework */,
			);
			name = Frameworks;
			sourceTree = "<group>";
		};
		DB78D67925F9E0A07F6190E2 /* Pods */ = {
			isa = PBXGroup;
			children = (
				F97BD5A7DBB8DEF42CFF8E5D /* Pods-Convenient-Swift.debug.xcconfig */,
				5687926651BA603ADEE9E172 /* Pods-Convenient-Swift.release.xcconfig */,
			);
			name = Pods;
			sourceTree = "<group>";
		};
/* End PBXGroup section */

/* Begin PBXNativeTarget section */
		531C23EB1C8599420009E0E6 /* Convenient-Swift */ = {
			isa = PBXNativeTarget;
			buildConfigurationList = 531C24141C8599420009E0E6 /* Build configuration list for PBXNativeTarget "Convenient-Swift" */;
			buildPhases = (
				5906CFA71E12F550FE20C6BD /* Check Pods Manifest.lock */,
				531C23E81C8599420009E0E6 /* Sources */,
				531C23E91C8599420009E0E6 /* Frameworks */,
				531C23EA1C8599420009E0E6 /* Resources */,
				815989E6BC53C4DB4B4E3839 /* Embed Pods Frameworks */,
				C89EEEF8A964BDB057275562 /* Copy Pods Resources */,
			);
			buildRules = (
			);
			dependencies = (
			);
			name = "Convenient-Swift";
			productName = "Convenient-Swift";
			productReference = 531C23EC1C8599420009E0E6 /* Convenient-Swift.app */;
			productType = "com.apple.product-type.application";
		};
/* End PBXNativeTarget section */

/* Begin PBXProject section */
		531C23E41C8599420009E0E6 /* Project object */ = {
			isa = PBXProject;
			attributes = {
				LastSwiftUpdateCheck = 0720;
				LastUpgradeCheck = 0720;
				ORGANIZATIONNAME = xuzhou;
				TargetAttributes = {
					531C23EB1C8599420009E0E6 = {
						CreatedOnToolsVersion = 7.2;
					};
				};
			};
			buildConfigurationList = 531C23E71C8599420009E0E6 /* Build configuration list for PBXProject "Convenient-Swift" */;
			compatibilityVersion = "Xcode 3.2";
			developmentRegion = English;
			hasScannedForEncodings = 0;
			knownRegions = (
				en,
				Base,
			);
			mainGroup = 531C23E31C8599420009E0E6;
			productRefGroup = 531C23ED1C8599420009E0E6 /* Products */;
			projectDirPath = "";
			projectRoot = "";
			targets = (
				531C23EB1C8599420009E0E6 /* Convenient-Swift */,
			);
		};
/* End PBXProject section */

/* Begin PBXResourcesBuildPhase section */
		531C23EA1C8599420009E0E6 /* Resources */ = {
			isa = PBXResourcesBuildPhase;
			buildActionMask = 2147483647;
			files = (
				531C23FA1C8599420009E0E6 /* LaunchScreen.storyboard in Resources */,
				531C23F71C8599420009E0E6 /* Assets.xcassets in Resources */,
				531C23F51C8599420009E0E6 /* Main.storyboard in Resources */,
			);
			runOnlyForDeploymentPostprocessing = 0;
		};
/* End PBXResourcesBuildPhase section */

/* Begin PBXShellScriptBuildPhase section */
		5906CFA71E12F550FE20C6BD /* Check Pods Manifest.lock */ = {
			isa = PBXShellScriptBuildPhase;
			buildActionMask = 2147483647;
			files = (
			);
			inputPaths = (
			);
			name = "Check Pods Manifest.lock";
			outputPaths = (
			);
			runOnlyForDeploymentPostprocessing = 0;
			shellPath = /bin/sh;
			shellScript = "diff \"${PODS_ROOT}/../Podfile.lock\" \"${PODS_ROOT}/Manifest.lock\" > /dev/null\nif [[ $? != 0 ]] ; then\n    cat << EOM\nerror: The sandbox is not in sync with the Podfile.lock. Run 'pod install' or update your CocoaPods installation.\nEOM\n    exit 1\nfi\n";
			showEnvVarsInLog = 0;
		};
		815989E6BC53C4DB4B4E3839 /* Embed Pods Frameworks */ = {
			isa = PBXShellScriptBuildPhase;
			buildActionMask = 2147483647;
			files = (
			);
			inputPaths = (
			);
			name = "Embed Pods Frameworks";
			outputPaths = (
			);
			runOnlyForDeploymentPostprocessing = 0;
			shellPath = /bin/sh;
			shellScript = "\"${SRCROOT}/Pods/Target Support Files/Pods-Convenient-Swift/Pods-Convenient-Swift-frameworks.sh\"\n";
			showEnvVarsInLog = 0;
		};
		C89EEEF8A964BDB057275562 /* Copy Pods Resources */ = {
			isa = PBXShellScriptBuildPhase;
			buildActionMask = 2147483647;
			files = (
			);
			inputPaths = (
			);
			name = "Copy Pods Resources";
			outputPaths = (
			);
			runOnlyForDeploymentPostprocessing = 0;
			shellPath = /bin/sh;
			shellScript = "\"${SRCROOT}/Pods/Target Support Files/Pods-Convenient-Swift/Pods-Convenient-Swift-resources.sh\"\n";
			showEnvVarsInLog = 0;
		};
/* End PBXShellScriptBuildPhase section */

/* Begin PBXSourcesBuildPhase section */
		531C23E81C8599420009E0E6 /* Sources */ = {
			isa = PBXSourcesBuildPhase;
			buildActionMask = 2147483647;
			files = (
				531C23F21C8599420009E0E6 /* ViewController.swift in Sources */,
				53917E681C897B85002200C1 /* UUChart.m in Sources */,
				531C24241C86BAD10009E0E6 /* XZSwiftColor.swift in Sources */,
				53917E6A1C897B85002200C1 /* UUChartLabel.m in Sources */,
				530D946B1C8D3308005342BF /* BaseJsonModel.swift in Sources */,
				53917E711C89811D002200C1 /* WeatherModel.swift in Sources */,
				531C24221C869BB90009E0E6 /* XZSwiftNavigationController.swift in Sources */,
				534926171C86E29E0077A8A6 /* UITableView+FINAutomaticHeightCell.swift in Sources */,
				531C23F01C8599420009E0E6 /* AppDelegate.swift in Sources */,
				534926191C86E3A80077A8A6 /* HomeViewController.swift in Sources */,
				53917E661C897B85002200C1 /* UUBar.m in Sources */,
				53917E691C897B85002200C1 /* UUChartConst.m in Sources */,
				53917E6B1C897B85002200C1 /* UULineChart.m in Sources */,
				53FBB90F1C880F990076C002 /* WeatherTabeleViewCell.swift in Sources */,
				53917E671C897B85002200C1 /* UUBarChart.m in Sources */,
				534926161C86E29E0077A8A6 /* UITableView+Extension.swift in Sources */,
			);
			runOnlyForDeploymentPostprocessing = 0;
		};
/* End PBXSourcesBuildPhase section */

/* Begin PBXVariantGroup section */
		531C23F31C8599420009E0E6 /* Main.storyboard */ = {
			isa = PBXVariantGroup;
			children = (
				531C23F41C8599420009E0E6 /* Base */,
			);
			name = Main.storyboard;
			sourceTree = "<group>";
		};
		531C23F81C8599420009E0E6 /* LaunchScreen.storyboard */ = {
			isa = PBXVariantGroup;
			children = (
				531C23F91C8599420009E0E6 /* Base */,
			);
			name = LaunchScreen.storyboard;
			sourceTree = "<group>";
		};
/* End PBXVariantGroup section */

/* Begin XCBuildConfiguration section */
		531C24121C8599420009E0E6 /* Debug */ = {
			isa = XCBuildConfiguration;
			buildSettings = {
				ALWAYS_SEARCH_USER_PATHS = NO;
				CLANG_CXX_LANGUAGE_STANDARD = "gnu++0x";
				CLANG_CXX_LIBRARY = "libc++";
				CLANG_ENABLE_MODULES = YES;
				CLANG_ENABLE_OBJC_ARC = YES;
				CLANG_WARN_BOOL_CONVERSION = YES;
				CLANG_WARN_CONSTANT_CONVERSION = YES;
				CLANG_WARN_DIRECT_OBJC_ISA_USAGE = YES_ERROR;
				CLANG_WARN_EMPTY_BODY = YES;
				CLANG_WARN_ENUM_CONVERSION = YES;
				CLANG_WARN_INT_CONVERSION = YES;
				CLANG_WARN_OBJC_ROOT_CLASS = YES_ERROR;
				CLANG_WARN_UNREACHABLE_CODE = YES;
				CLANG_WARN__DUPLICATE_METHOD_MATCH = YES;
				"CODE_SIGN_IDENTITY[sdk=iphoneos*]" = "iPhone Developer";
				COPY_PHASE_STRIP = NO;
				DEBUG_INFORMATION_FORMAT = dwarf;
				ENABLE_STRICT_OBJC_MSGSEND = YES;
				ENABLE_TESTABILITY = YES;
				GCC_C_LANGUAGE_STANDARD = gnu99;
				GCC_DYNAMIC_NO_PIC = NO;
				GCC_NO_COMMON_BLOCKS = YES;
				GCC_OPTIMIZATION_LEVEL = 0;
				GCC_PREPROCESSOR_DEFINITIONS = (
					"DEBUG=1",
					"$(inherited)",
				);
				GCC_WARN_64_TO_32_BIT_CONVERSION = YES;
				GCC_WARN_ABOUT_RETURN_TYPE = YES_ERROR;
				GCC_WARN_UNDECLARED_SELECTOR = YES;
				GCC_WARN_UNINITIALIZED_AUTOS = YES_AGGRESSIVE;
				GCC_WARN_UNUSED_FUNCTION = YES;
				GCC_WARN_UNUSED_VARIABLE = YES;
				IPHONEOS_DEPLOYMENT_TARGET = 9.2;
				MTL_ENABLE_DEBUG_INFO = YES;
				ONLY_ACTIVE_ARCH = YES;
				SDKROOT = iphoneos;
				SWIFT_OPTIMIZATION_LEVEL = "-Onone";
			};
			name = Debug;
		};
		531C24131C8599420009E0E6 /* Release */ = {
			isa = XCBuildConfiguration;
			buildSettings = {
				ALWAYS_SEARCH_USER_PATHS = NO;
				CLANG_CXX_LANGUAGE_STANDARD = "gnu++0x";
				CLANG_CXX_LIBRARY = "libc++";
				CLANG_ENABLE_MODULES = YES;
				CLANG_ENABLE_OBJC_ARC = YES;
				CLANG_WARN_BOOL_CONVERSION = YES;
				CLANG_WARN_CONSTANT_CONVERSION = YES;
				CLANG_WARN_DIRECT_OBJC_ISA_USAGE = YES_ERROR;
				CLANG_WARN_EMPTY_BODY = YES;
				CLANG_WARN_ENUM_CONVERSION = YES;
				CLANG_WARN_INT_CONVERSION = YES;
				CLANG_WARN_OBJC_ROOT_CLASS = YES_ERROR;
				CLANG_WARN_UNREACHABLE_CODE = YES;
				CLANG_WARN__DUPLICATE_METHOD_MATCH = YES;
				"CODE_SIGN_IDENTITY[sdk=iphoneos*]" = "iPhone Developer";
				COPY_PHASE_STRIP = NO;
				DEBUG_INFORMATION_FORMAT = "dwarf-with-dsym";
				ENABLE_NS_ASSERTIONS = NO;
				ENABLE_STRICT_OBJC_MSGSEND = YES;
				GCC_C_LANGUAGE_STANDARD = gnu99;
				GCC_NO_COMMON_BLOCKS = YES;
				GCC_WARN_64_TO_32_BIT_CONVERSION = YES;
				GCC_WARN_ABOUT_RETURN_TYPE = YES_ERROR;
				GCC_WARN_UNDECLARED_SELECTOR = YES;
				GCC_WARN_UNINITIALIZED_AUTOS = YES_AGGRESSIVE;
				GCC_WARN_UNUSED_FUNCTION = YES;
				GCC_WARN_UNUSED_VARIABLE = YES;
				IPHONEOS_DEPLOYMENT_TARGET = 9.2;
				MTL_ENABLE_DEBUG_INFO = NO;
				SDKROOT = iphoneos;
				VALIDATE_PRODUCT = YES;
			};
			name = Release;
		};
		531C24151C8599420009E0E6 /* Debug */ = {
			isa = XCBuildConfiguration;
			baseConfigurationReference = F97BD5A7DBB8DEF42CFF8E5D /* Pods-Convenient-Swift.debug.xcconfig */;
			buildSettings = {
				ASSETCATALOG_COMPILER_APPICON_NAME = AppIcon;
				INFOPLIST_FILE = "Convenient-Swift/Info.plist";
				LD_RUNPATH_SEARCH_PATHS = "$(inherited) @executable_path/Frameworks";
				PRODUCT_BUNDLE_IDENTIFIER = "Convenient.Convenient-Swift";
				PRODUCT_NAME = "$(TARGET_NAME)";
				SWIFT_OBJC_BRIDGING_HEADER = "Convenient-Swift/Convenient-Header.h";
			};
			name = Debug;
		};
		531C24161C8599420009E0E6 /* Release */ = {
			isa = XCBuildConfiguration;
			baseConfigurationReference = 5687926651BA603ADEE9E172 /* Pods-Convenient-Swift.release.xcconfig */;
			buildSettings = {
				ASSETCATALOG_COMPILER_APPICON_NAME = AppIcon;
				INFOPLIST_FILE = "Convenient-Swift/Info.plist";
				LD_RUNPATH_SEARCH_PATHS = "$(inherited) @executable_path/Frameworks";
				PRODUCT_BUNDLE_IDENTIFIER = "Convenient.Convenient-Swift";
				PRODUCT_NAME = "$(TARGET_NAME)";
				SWIFT_OBJC_BRIDGING_HEADER = "Convenient-Swift/Convenient-Header.h";
			};
			name = Release;
		};
/* End XCBuildConfiguration section */

/* Begin XCConfigurationList section */
		531C23E71C8599420009E0E6 /* Build configuration list for PBXProject "Convenient-Swift" */ = {
			isa = XCConfigurationList;
			buildConfigurations = (
				531C24121C8599420009E0E6 /* Debug */,
				531C24131C8599420009E0E6 /* Release */,
			);
			defaultConfigurationIsVisible = 0;
			defaultConfigurationName = Release;
		};
		531C24141C8599420009E0E6 /* Build configuration list for PBXNativeTarget "Convenient-Swift" */ = {
			isa = XCConfigurationList;
			buildConfigurations = (
				531C24151C8599420009E0E6 /* Debug */,
				531C24161C8599420009E0E6 /* Release */,
			);
			defaultConfigurationIsVisible = 0;
			defaultConfigurationName = Release;
		};
/* End XCConfigurationList section */
	};
	rootObject = 531C23E41C8599420009E0E6 /* Project object */;
}
